// !$*UTF8*$!
{
	archiveVersion = 1;
	classes = {
	};
	objectVersion = 44;
	objects = {

/* Begin PBXBuildFile section */
		458E6DD111C6D5850024C822 /* sqManualSurface.c in Sources */ = {isa = PBXBuildFile; fileRef = 458E6DD011C6D5850024C822 /* sqManualSurface.c */; };
		730BD72610AA25350023C110 /* SqueakFFIPrims.c in Sources */ = {isa = PBXBuildFile; fileRef = 730BD72510AA25350023C110 /* SqueakFFIPrims.c */; };
		730BD72810AA26D00023C110 /* sqFFIPlugin.c in Sources */ = {isa = PBXBuildFile; fileRef = 730BD72710AA26D00023C110 /* sqFFIPlugin.c */; };
		730BD73110AA277B0023C110 /* SqueakPlugin.icns in Resources */ = {isa = PBXBuildFile; fileRef = 730BD73010AA277B0023C110 /* SqueakPlugin.icns */; };
		7386749111ED15E500E5B738 /* sqFFITestFuncs.c in Sources */ = {isa = PBXBuildFile; fileRef = 7386749011ED15E500E5B738 /* sqFFITestFuncs.c */; };
		8D576314048677EA00EA77CD /* CoreFoundation.framework in Frameworks */ = {isa = PBXBuildFile; fileRef = 0AA1909FFE8422F4C02AAC07 /* CoreFoundation.framework */; };
/* End PBXBuildFile section */

/* Begin PBXFileReference section */
		0AA1909FFE8422F4C02AAC07 /* CoreFoundation.framework */ = {isa = PBXFileReference; lastKnownFileType = wrapper.framework; name = CoreFoundation.framework; path = /System/Library/Frameworks/CoreFoundation.framework; sourceTree = "<absolute>"; };
		458E6DD011C6D5850024C822 /* sqManualSurface.c */ = {isa = PBXFileReference; explicitFileType = sourcecode.c.c; fileEncoding = 4; name = sqManualSurface.c; path = ../../../platforms/Cross/plugins/SqueakFFIPrims/sqManualSurface.c; sourceTree = SOURCE_ROOT; };
		730BD72510AA25350023C110 /* SqueakFFIPrims.c */ = {isa = PBXFileReference; explicitFileType = sourcecode.c.c; fileEncoding = 4; name = SqueakFFIPrims.c; path = ../../../src/plugins/SqueakFFIPrims/SqueakFFIPrims.c; sourceTree = SOURCE_ROOT; };
		730BD72710AA26D00023C110 /* sqFFIPlugin.c */ = {isa = PBXFileReference; explicitFileType = sourcecode.c.c; fileEncoding = 4; name = sqFFIPlugin.c; path = ../../../platforms/Cross/plugins/SqueakFFIPrims/sqFFIPlugin.c; sourceTree = SOURCE_ROOT; };
		730BD72910AA26EF0023C110 /* config.h */ = {isa = PBXFileReference; fileEncoding = 4; lastKnownFileType = sourcecode.c.h; name = config.h; path = "../../../platforms/Mac OS/vm/config.h"; sourceTree = SOURCE_ROOT; };
		730BD72A10AA26FB0023C110 /* interp.h */ = {isa = PBXFileReference; fileEncoding = 4; lastKnownFileType = sourcecode.c.h; name = interp.h; path = ../../../stacksrc/vm/interp.h; sourceTree = SOURCE_ROOT; };
		730BD72D10AA27410023C110 /* sqMemoryAccess.h */ = {isa = PBXFileReference; fileEncoding = 4; lastKnownFileType = sourcecode.c.h; name = sqMemoryAccess.h; path = ../../../platforms/Cross/vm/sqMemoryAccess.h; sourceTree = SOURCE_ROOT; };
		730BD72F10AA27590023C110 /* sqVirtualMachine.h */ = {isa = PBXFileReference; fileEncoding = 4; lastKnownFileType = sourcecode.c.h; name = sqVirtualMachine.h; path = ../../../platforms/Cross/vm/sqVirtualMachine.h; sourceTree = SOURCE_ROOT; };
		730BD73010AA277B0023C110 /* SqueakPlugin.icns */ = {isa = PBXFileReference; lastKnownFileType = image.icns; path = SqueakPlugin.icns; sourceTree = "<group>"; };
		733EFEAC10B4D31C00A2FDA5 /* sqFFI.h */ = {isa = PBXFileReference; explicitFileType = sourcecode.c.h; fileEncoding = 4; name = sqFFI.h; path = ../../../platforms/Cross/plugins/SqueakFFIPrims/sqFFI.h; sourceTree = SOURCE_ROOT; };
		7386749011ED15E500E5B738 /* sqFFITestFuncs.c */ = {isa = PBXFileReference; fileEncoding = 4; lastKnownFileType = sourcecode.c.c; name = sqFFITestFuncs.c; path = ../../../platforms/Cross/plugins/SqueakFFIPrims/sqFFITestFuncs.c; sourceTree = SOURCE_ROOT; };
		739A636B10AA442600F87ADB /* sqConfig.h */ = {isa = PBXFileReference; fileEncoding = 4; lastKnownFileType = sourcecode.c.h; name = sqConfig.h; path = "../../../platforms/Mac OS/vm/sqConfig.h"; sourceTree = SOURCE_ROOT; };
		739A636C10AA444800F87ADB /* sqPlatformSpecific.h */ = {isa = PBXFileReference; fileEncoding = 4; lastKnownFileType = sourcecode.c.h; name = sqPlatformSpecific.h; path = "../../../platforms/Mac OS/vm/sqPlatformSpecific.h"; sourceTree = SOURCE_ROOT; };
		739BEEE011C96C240093BD8A /* sq.h */ = {isa = PBXFileReference; fileEncoding = 4; lastKnownFileType = sourcecode.c.h; name = sq.h; path = ../../../platforms/Cross/vm/sq.h; sourceTree = SOURCE_ROOT; };
		73E2C0B310AA5C4700E80856 /* sqAssert.h */ = {isa = PBXFileReference; fileEncoding = 4; lastKnownFileType = sourcecode.c.h; name = sqAssert.h; path = ../../../platforms/Cross/vm/sqAssert.h; sourceTree = SOURCE_ROOT; };
		8D576316048677EA00EA77CD /* SqueakFFIPrims.bundle */ = {isa = PBXFileReference; explicitFileType = wrapper.cfbundle; includeInIndex = 0; path = SqueakFFIPrims.bundle; sourceTree = BUILT_PRODUCTS_DIR; };
		8D576317048677EA00EA77CD /* Info.plist */ = {isa = PBXFileReference; fileEncoding = 4; lastKnownFileType = text.plist; path = Info.plist; sourceTree = "<group>"; };
/* End PBXFileReference section */

/* Begin PBXFrameworksBuildPhase section */
		8D576313048677EA00EA77CD /* Frameworks */ = {
			isa = PBXFrameworksBuildPhase;
			buildActionMask = 2147483647;
			files = (
				8D576314048677EA00EA77CD /* CoreFoundation.framework in Frameworks */,
			);
			runOnlyForDeploymentPostprocessing = 0;
		};
/* End PBXFrameworksBuildPhase section */

/* Begin PBXGroup section */
		089C166AFE841209C02AAC07 /* SqueakFFI */ = {
			isa = PBXGroup;
			children = (
				08FB77AFFE84173DC02AAC07 /* Source */,
				089C167CFE841241C02AAC07 /* Resources */,
				089C1671FE841209C02AAC07 /* External Frameworks and Libraries */,
				8D576317048677EA00EA77CD /* Info.plist */,
				19C28FB6FE9D52B211CA2CBB /* Products */,
			);
			name = SqueakFFI;
			sourceTree = "<group>";
		};
		089C1671FE841209C02AAC07 /* External Frameworks and Libraries */ = {
			isa = PBXGroup;
			children = (
				0AA1909FFE8422F4C02AAC07 /* CoreFoundation.framework */,
			);
			name = "External Frameworks and Libraries";
			sourceTree = "<group>";
		};
		089C167CFE841241C02AAC07 /* Resources */ = {
			isa = PBXGroup;
			children = (
				730BD73010AA277B0023C110 /* SqueakPlugin.icns */,
			);
			name = Resources;
			path = "../../../platforms/Mac OS/Resources";
			sourceTree = SOURCE_ROOT;
		};
		08FB77AFFE84173DC02AAC07 /* Source */ = {
			isa = PBXGroup;
			children = (
				7386749011ED15E500E5B738 /* sqFFITestFuncs.c */,
				739BEEE011C96C240093BD8A /* sq.h */,
				733EFEAC10B4D31C00A2FDA5 /* sqFFI.h */,
				73E2C0B310AA5C4700E80856 /* sqAssert.h */,
				739A636C10AA444800F87ADB /* sqPlatformSpecific.h */,
				739A636B10AA442600F87ADB /* sqConfig.h */,
				730BD72910AA26EF0023C110 /* config.h */,
				730BD72A10AA26FB0023C110 /* interp.h */,
				730BD72D10AA27410023C110 /* sqMemoryAccess.h */,
				730BD72F10AA27590023C110 /* sqVirtualMachine.h */,
				730BD72710AA26D00023C110 /* sqFFIPlugin.c */,
				730BD72510AA25350023C110 /* SqueakFFIPrims.c */,
				458E6DD011C6D5850024C822 /* sqManualSurface.c */,
			);
			name = Source;
			sourceTree = "<group>";
		};
		19C28FB6FE9D52B211CA2CBB /* Products */ = {
			isa = PBXGroup;
			children = (
				8D576316048677EA00EA77CD /* SqueakFFIPrims.bundle */,
			);
			name = Products;
			sourceTree = "<group>";
		};
/* End PBXGroup section */

/* Begin PBXNativeTarget section */
		8D57630D048677EA00EA77CD /* SqueakFFIPrims */ = {
			isa = PBXNativeTarget;
			buildConfigurationList = 1DEB911A08733D790010E9CD /* Build configuration list for PBXNativeTarget "SqueakFFIPrims" */;
			buildPhases = (
				8D57630F048677EA00EA77CD /* Resources */,
				8D576311048677EA00EA77CD /* Sources */,
				8D576313048677EA00EA77CD /* Frameworks */,
			);
			buildRules = (
			);
			dependencies = (
			);
			name = SqueakFFIPrims;
			productInstallPath = "$(HOME)/Library/Bundles";
			productName = SqueakFFI;
			productReference = 8D576316048677EA00EA77CD /* SqueakFFIPrims.bundle */;
			productType = "com.apple.product-type.bundle";
		};
/* End PBXNativeTarget section */

/* Begin PBXProject section */
		089C1669FE841209C02AAC07 /* Project object */ = {
			isa = PBXProject;
			buildConfigurationList = 1DEB911E08733D790010E9CD /* Build configuration list for PBXProject "SqueakFFI" */;
			compatibilityVersion = "Xcode 3.0";
			hasScannedForEncodings = 1;
			mainGroup = 089C166AFE841209C02AAC07 /* SqueakFFI */;
			projectDirPath = "";
			projectRoot = "";
			targets = (
				8D57630D048677EA00EA77CD /* SqueakFFIPrims */,
			);
		};
/* End PBXProject section */

/* Begin PBXResourcesBuildPhase section */
		8D57630F048677EA00EA77CD /* Resources */ = {
			isa = PBXResourcesBuildPhase;
			buildActionMask = 2147483647;
			files = (
				730BD73110AA277B0023C110 /* SqueakPlugin.icns in Resources */,
			);
			runOnlyForDeploymentPostprocessing = 0;
		};
/* End PBXResourcesBuildPhase section */

/* Begin PBXSourcesBuildPhase section */
		8D576311048677EA00EA77CD /* Sources */ = {
			isa = PBXSourcesBuildPhase;
			buildActionMask = 2147483647;
			files = (
				730BD72610AA25350023C110 /* SqueakFFIPrims.c in Sources */,
				730BD72810AA26D00023C110 /* sqFFIPlugin.c in Sources */,
				458E6DD111C6D5850024C822 /* sqManualSurface.c in Sources */,
				7386749111ED15E500E5B738 /* sqFFITestFuncs.c in Sources */,
			);
			runOnlyForDeploymentPostprocessing = 0;
		};
/* End PBXSourcesBuildPhase section */

/* Begin XCBuildConfiguration section */
		1DEB911B08733D790010E9CD /* Development */ = {
			isa = XCBuildConfiguration;
			buildSettings = {
				COPY_PHASE_STRIP = NO;
				GCC_DYNAMIC_NO_PIC = NO;
				GCC_OPTIMIZATION_LEVEL = 0;
				INFOPLIST_FILE = Info.plist;
				INSTALL_PATH = "$(HOME)/Library/Bundles";
				PRODUCT_NAME = SqueakFFIPrims;
				WRAPPER_EXTENSION = bundle;
				ZERO_LINK = YES;
			};
			name = Development;
		};
		1DEB911C08733D790010E9CD /* Deployment */ = {
			isa = XCBuildConfiguration;
			buildSettings = {
				ARCHS = i386;
				GCC_GENERATE_DEBUGGING_SYMBOLS = NO;
				GCC_OPTIMIZATION_LEVEL = 2;
				INFOPLIST_FILE = Info.plist;
				INSTALL_PATH = "$(HOME)/Library/Bundles";
				PRODUCT_NAME = SqueakFFIPrims;
				WRAPPER_EXTENSION = bundle;
			};
			name = Deployment;
		};
		1DEB911F08733D790010E9CD /* Development */ = {
			isa = XCBuildConfiguration;
			buildSettings = {
				COPY_PHASE_STRIP = NO;
				GCC_DEBUGGING_SYMBOLS = full;
				GCC_ENABLE_OBJC_EXCEPTIONS = NO;
				GCC_MODEL_TUNING = "";
				GCC_OPTIMIZATION_LEVEL = 0;
				GCC_WARN_64_TO_32_BIT_CONVERSION = YES;
				GCC_WARN_ABOUT_RETURN_TYPE = YES;
				GCC_WARN_UNUSED_VARIABLE = YES;
				OTHER_CFLAGS = "-fno-omit-frame-pointer";
				PREBINDING = NO;
				SDKROOT = "$(DEVELOPER_SDK_DIR)/MacOSX10.5.sdk";
				STRIP_INSTALLED_PRODUCT = NO;
			};
			name = Development;
		};
		1DEB912008733D790010E9CD /* Deployment */ = {
			isa = XCBuildConfiguration;
			buildSettings = {
				COPY_PHASE_STRIP = NO;
				DEAD_CODE_STRIPPING = YES;
				GCC_ENABLE_OBJC_EXCEPTIONS = NO;
				GCC_GENERATE_DEBUGGING_SYMBOLS = YES;
				GCC_MODEL_TUNING = "";
				GCC_OPTIMIZATION_LEVEL = 2;
				GCC_WARN_64_TO_32_BIT_CONVERSION = YES;
				GCC_WARN_ABOUT_RETURN_TYPE = YES;
				GCC_WARN_UNUSED_VARIABLE = YES;
				OTHER_CFLAGS = "-fno-omit-frame-pointer";
				PREBINDING = NO;
				SDKROOT = "$(DEVELOPER_SDK_DIR)/MacOSX10.5.sdk";
				STRIP_INSTALLED_PRODUCT = NO;
			};
			name = Deployment;
		};
/* End XCBuildConfiguration section */

/* Begin XCConfigurationList section */
		1DEB911A08733D790010E9CD /* Build configuration list for PBXNativeTarget "SqueakFFIPrims" */ = {
			isa = XCConfigurationList;
			buildConfigurations = (
				1DEB911B08733D790010E9CD /* Development */,
				1DEB911C08733D790010E9CD /* Deployment */,
			);
			defaultConfigurationIsVisible = 0;
			defaultConfigurationName = Deployment;
		};
		1DEB911E08733D790010E9CD /* Build configuration list for PBXProject "SqueakFFI" */ = {
			isa = XCConfigurationList;
			buildConfigurations = (
				1DEB911F08733D790010E9CD /* Development */,
				1DEB912008733D790010E9CD /* Deployment */,
			);
			defaultConfigurationIsVisible = 0;
			defaultConfigurationName = Deployment;
		};
/* End XCConfigurationList section */
	};
	rootObject = 089C1669FE841209C02AAC07 /* Project object */;
}
