// !$*UTF8*$!
{
	archiveVersion = 1;
	classes = {
	};
	objectVersion = 42;
	objects = {

/* Begin PBXBuildFile section */
		949199FC098186F8000FC37A /* bitstream.c in Sources */ = {isa = PBXBuildFile; fileRef = 66DF6C2101D7DCEA00A80119 /* bitstream.c */; };
		949199FD098186FB000FC37A /* Carbon.framework in Frameworks */ = {isa = PBXBuildFile; fileRef = 66DF6C8201D7DF7E00A80119 /* Carbon.framework */; };
		949199FE098186FC000FC37A /* CarbonApp.rsrc in Resources */ = {isa = PBXBuildFile; fileRef = 66DF6C3B01D7DCEA00A80119 /* CarbonApp.rsrc */; };
		949199FF098186FD000FC37A /* changesForSqueak.c in Sources */ = {isa = PBXBuildFile; fileRef = 66DF6C3301D7DCEA00A80119 /* changesForSqueak.c */; };
		94919A00098186FE000FC37A /* dct.c in Sources */ = {isa = PBXBuildFile; fileRef = 66DF6C0201D7DCEA00A80119 /* dct.c */; };
		94919A01098186FE000FC37A /* getpicture.c in Sources */ = {isa = PBXBuildFile; fileRef = 66DF6C0F01D7DCEA00A80119 /* getpicture.c */; };
		94919A02098186FF000FC37A /* header.c in Sources */ = {isa = PBXBuildFile; fileRef = 66DF6C0301D7DCEA00A80119 /* header.c */; };
		94919A03098186FF000FC37A /* headers.c in Sources */ = {isa = PBXBuildFile; fileRef = 66DF6C1001D7DCEA00A80119 /* headers.c */; };
		94919A0409818701000FC37A /* idct.c in Sources */ = {isa = PBXBuildFile; fileRef = 66DF6C1101D7DCEA00A80119 /* idct.c */; };
		94919A0509818702000FC37A /* layer1.c in Sources */ = {isa = PBXBuildFile; fileRef = 66DF6C0501D7DCEA00A80119 /* layer1.c */; };
		94919A0609818702000FC37A /* layer2.c in Sources */ = {isa = PBXBuildFile; fileRef = 66DF6C0601D7DCEA00A80119 /* layer2.c */; };
		94919A0709818703000FC37A /* layer3.c in Sources */ = {isa = PBXBuildFile; fileRef = 66DF6C0701D7DCEA00A80119 /* layer3.c */; };
		94919A0809818704000FC37A /* libmpeg3.c in Sources */ = {isa = PBXBuildFile; fileRef = 66DF6C2301D7DCEA00A80119 /* libmpeg3.c */; };
		94919A0909818705000FC37A /* macroblocks.c in Sources */ = {isa = PBXBuildFile; fileRef = 66DF6C1401D7DCEA00A80119 /* macroblocks.c */; };
		94919A0A09818706000FC37A /* mmxtest.c in Sources */ = {isa = PBXBuildFile; fileRef = 66DF6C1501D7DCEA00A80119 /* mmxtest.c */; };
		94919A0B09818706000FC37A /* motion.c in Sources */ = {isa = PBXBuildFile; fileRef = 66DF6C1601D7DCEA00A80119 /* motion.c */; };
		94919A0C09818707000FC37A /* mpeg3atrack.c in Sources */ = {isa = PBXBuildFile; fileRef = 66DF6C2501D7DCEA00A80119 /* mpeg3atrack.c */; };
		94919A0D09818708000FC37A /* mpeg3audio.c in Sources */ = {isa = PBXBuildFile; fileRef = 66DF6C0801D7DCEA00A80119 /* mpeg3audio.c */; };
		94919A0E09818709000FC37A /* mpeg3demux.c in Sources */ = {isa = PBXBuildFile; fileRef = 66DF6C2801D7DCEA00A80119 /* mpeg3demux.c */; };
		94919A0F09818709000FC37A /* mpeg3io.c in Sources */ = {isa = PBXBuildFile; fileRef = 66DF6C2A01D7DCEA00A80119 /* mpeg3io.c */; };
		94919A120981870F000FC37A /* Mpeg3Plugin.c in Sources */ = {isa = PBXBuildFile; fileRef = 66D7904B01D8034300A80119 /* Mpeg3Plugin.c */; };
		94919A1409818712000FC37A /* mpeg3title.c in Sources */ = {isa = PBXBuildFile; fileRef = 66DF6C2E01D7DCEA00A80119 /* mpeg3title.c */; };
		94919A1509818713000FC37A /* mpeg3video.c in Sources */ = {isa = PBXBuildFile; fileRef = 66DF6C1701D7DCEA00A80119 /* mpeg3video.c */; };
		94919A1609818714000FC37A /* mpeg3vtrack.c in Sources */ = {isa = PBXBuildFile; fileRef = 66DF6C3001D7DCEA00A80119 /* mpeg3vtrack.c */; };
		94919A1709818715000FC37A /* output.c in Sources */ = {isa = PBXBuildFile; fileRef = 66DF6C1A01D7DCEA00A80119 /* output.c */; };
		94919A1809818715000FC37A /* pcm.c in Sources */ = {isa = PBXBuildFile; fileRef = 66DF6C0A01D7DCEA00A80119 /* pcm.c */; };
		94919A1909818716000FC37A /* reconstruct.c in Sources */ = {isa = PBXBuildFile; fileRef = 66DF6C1B01D7DCEA00A80119 /* reconstruct.c */; };
		94919A1A09818716000FC37A /* seek.c in Sources */ = {isa = PBXBuildFile; fileRef = 66DF6C1C01D7DCEA00A80119 /* seek.c */; };
		94919A1B09818717000FC37A /* slice.c in Sources */ = {isa = PBXBuildFile; fileRef = 66DF6C1D01D7DCEA00A80119 /* slice.c */; };
		94919A1C09818718000FC37A /* sqMacFileLogic.c in Sources */ = {isa = PBXBuildFile; fileRef = 66A53B1C01DAA43100A80109 /* sqMacFileLogic.c */; };
		94919A1D09818719000FC37A /* SqueakPlugin.icns in Resources */ = {isa = PBXBuildFile; fileRef = 66C6C8E501DB1EC300A80109 /* SqueakPlugin.icns */; };
		94919A1E09818719000FC37A /* synthesizers.c in Sources */ = {isa = PBXBuildFile; fileRef = 66DF6C0B01D7DCEA00A80119 /* synthesizers.c */; };
		94919A1F0981871A000FC37A /* tables.c in Sources */ = {isa = PBXBuildFile; fileRef = 66DF6C0C01D7DCEA00A80119 /* tables.c */; };
		94919A200981871B000FC37A /* vlc.c in Sources */ = {isa = PBXBuildFile; fileRef = 66DF6C1F01D7DCEA00A80119 /* vlc.c */; };
		94919A39098187FE000FC37A /* mpeg3private.inc in Sources */ = {isa = PBXBuildFile; fileRef = 66DF6C8501D7FB8D00A80119 /* mpeg3private.inc */; };
/* End PBXBuildFile section */

/* Begin PBXBuildRule section */
		94919AFB09818E6B000FC37A /* PBXBuildRule */ = {
			isa = PBXBuildRule;
			compilerSpec = com.apple.compilers.gcc.3_3;
			fileType = sourcecode.c;
			isEditable = 1;
			outputFiles = (
			);
		};
/* End PBXBuildRule section */

/* Begin PBXBuildStyle section */
		66DF6C4301D7DCEA00A80119 /* Development */ = {
			isa = PBXBuildStyle;
			buildSettings = {
				COPY_PHASE_STRIP = NO;
				GCC_DYNAMIC_NO_PIC = NO;
				GCC_ENABLE_FIX_AND_CONTINUE = YES;
				GCC_GENERATE_DEBUGGING_SYMBOLS = YES;
				GCC_OPTIMIZATION_LEVEL = 0;
				OTHER_CFLAGS = (
					"-DTARGET_OS_MAC",
					"-DNOPTHREADS",
					"-g",
					"-O0",
				);
				ZERO_LINK = NO;
			};
			name = Development;
		};
		66DF6C4401D7DCEA00A80119 /* Deployment */ = {
			isa = PBXBuildStyle;
			buildSettings = {
				COPY_PHASE_STRIP = YES;
				GCC_ENABLE_FIX_AND_CONTINUE = NO;
				GCC_GENERATE_DEBUGGING_SYMBOLS = NO;
				OTHER_CFLAGS = (
					"-DTARGET_OS_MAC",
					"-DNOPTHREADS",
					"-fPIC",
					"-no-cpp-precomp",
					"-fast",
					"-mcpu=G4",
					"-mtune=G4",
				);
				ZERO_LINK = NO;
			};
			name = Deployment;
		};
/* End PBXBuildStyle section */

/* Begin PBXFileReference section */
		66A53B1C01DAA43100A80109 /* sqMacFileLogic.c */ = {isa = PBXFileReference; fileEncoding = 30; lastKnownFileType = sourcecode.c.c; path = sqMacFileLogic.c; sourceTree = "<group>"; };
		66A53B1D01DAA43100A80109 /* sqMacFileLogic.h */ = {isa = PBXFileReference; fileEncoding = 30; lastKnownFileType = sourcecode.c.h; path = sqMacFileLogic.h; sourceTree = "<group>"; };
		66C6C8E501DB1EC300A80109 /* SqueakPlugin.icns */ = {isa = PBXFileReference; lastKnownFileType = image.icns; path = SqueakPlugin.icns; sourceTree = "<group>"; };
		66D7904B01D8034300A80119 /* Mpeg3Plugin.c */ = {isa = PBXFileReference; fileEncoding = 30; lastKnownFileType = sourcecode.c.c; path = Mpeg3Plugin.c; sourceTree = "<group>"; };
		66DF6C0101D7DCEA00A80119 /* ac3.h */ = {isa = PBXFileReference; fileEncoding = 30; lastKnownFileType = sourcecode.c.h; name = ac3.h; path = libmpeg/audio/ac3.h; sourceTree = "<group>"; };
		66DF6C0201D7DCEA00A80119 /* dct.c */ = {isa = PBXFileReference; fileEncoding = 30; lastKnownFileType = sourcecode.c.c; name = dct.c; path = libmpeg/audio/dct.c; sourceTree = "<group>"; };
		66DF6C0301D7DCEA00A80119 /* header.c */ = {isa = PBXFileReference; fileEncoding = 30; lastKnownFileType = sourcecode.c.c; name = header.c; path = libmpeg/audio/header.c; sourceTree = "<group>"; };
		66DF6C0401D7DCEA00A80119 /* huffman.h */ = {isa = PBXFileReference; fileEncoding = 30; lastKnownFileType = sourcecode.c.h; name = huffman.h; path = libmpeg/audio/huffman.h; sourceTree = "<group>"; };
		66DF6C0501D7DCEA00A80119 /* layer1.c */ = {isa = PBXFileReference; fileEncoding = 30; lastKnownFileType = sourcecode.c.c; name = layer1.c; path = libmpeg/audio/layer1.c; sourceTree = "<group>"; };
		66DF6C0601D7DCEA00A80119 /* layer2.c */ = {isa = PBXFileReference; fileEncoding = 30; lastKnownFileType = sourcecode.c.c; name = layer2.c; path = libmpeg/audio/layer2.c; sourceTree = "<group>"; };
		66DF6C0701D7DCEA00A80119 /* layer3.c */ = {isa = PBXFileReference; fileEncoding = 30; lastKnownFileType = sourcecode.c.c; name = layer3.c; path = libmpeg/audio/layer3.c; sourceTree = "<group>"; };
		66DF6C0801D7DCEA00A80119 /* mpeg3audio.c */ = {isa = PBXFileReference; fileEncoding = 30; lastKnownFileType = sourcecode.c.c; name = mpeg3audio.c; path = libmpeg/audio/mpeg3audio.c; sourceTree = "<group>"; };
		66DF6C0901D7DCEA00A80119 /* mpeg3audio.h */ = {isa = PBXFileReference; fileEncoding = 30; lastKnownFileType = sourcecode.c.h; name = mpeg3audio.h; path = libmpeg/audio/mpeg3audio.h; sourceTree = "<group>"; };
		66DF6C0A01D7DCEA00A80119 /* pcm.c */ = {isa = PBXFileReference; fileEncoding = 30; lastKnownFileType = sourcecode.c.c; name = pcm.c; path = libmpeg/audio/pcm.c; sourceTree = "<group>"; };
		66DF6C0B01D7DCEA00A80119 /* synthesizers.c */ = {isa = PBXFileReference; fileEncoding = 30; lastKnownFileType = sourcecode.c.c; name = synthesizers.c; path = libmpeg/audio/synthesizers.c; sourceTree = "<group>"; };
		66DF6C0C01D7DCEA00A80119 /* tables.c */ = {isa = PBXFileReference; fileEncoding = 30; lastKnownFileType = sourcecode.c.c; name = tables.c; path = libmpeg/audio/tables.c; sourceTree = "<group>"; };
		66DF6C0D01D7DCEA00A80119 /* tables.h */ = {isa = PBXFileReference; fileEncoding = 30; lastKnownFileType = sourcecode.c.h; name = tables.h; path = libmpeg/audio/tables.h; sourceTree = "<group>"; };
		66DF6C0F01D7DCEA00A80119 /* getpicture.c */ = {isa = PBXFileReference; fileEncoding = 30; lastKnownFileType = sourcecode.c.c; name = getpicture.c; path = libmpeg/video/getpicture.c; sourceTree = "<group>"; };
		66DF6C1001D7DCEA00A80119 /* headers.c */ = {isa = PBXFileReference; fileEncoding = 30; lastKnownFileType = sourcecode.c.c; name = headers.c; path = libmpeg/video/headers.c; sourceTree = "<group>"; };
		66DF6C1101D7DCEA00A80119 /* idct.c */ = {isa = PBXFileReference; fileEncoding = 30; lastKnownFileType = sourcecode.c.c; name = idct.c; path = libmpeg/video/idct.c; sourceTree = "<group>"; };
		66DF6C1201D7DCEA00A80119 /* idct.h */ = {isa = PBXFileReference; fileEncoding = 30; lastKnownFileType = sourcecode.c.h; name = idct.h; path = libmpeg/video/idct.h; sourceTree = "<group>"; };
		66DF6C1301D7DCEA00A80119 /* layerdata.h */ = {isa = PBXFileReference; fileEncoding = 30; lastKnownFileType = sourcecode.c.h; name = layerdata.h; path = libmpeg/video/layerdata.h; sourceTree = "<group>"; };
		66DF6C1401D7DCEA00A80119 /* macroblocks.c */ = {isa = PBXFileReference; fileEncoding = 30; lastKnownFileType = sourcecode.c.c; name = macroblocks.c; path = libmpeg/video/macroblocks.c; sourceTree = "<group>"; };
		66DF6C1501D7DCEA00A80119 /* mmxtest.c */ = {isa = PBXFileReference; fileEncoding = 30; lastKnownFileType = sourcecode.c.c; name = mmxtest.c; path = libmpeg/video/mmxtest.c; sourceTree = "<group>"; };
		66DF6C1601D7DCEA00A80119 /* motion.c */ = {isa = PBXFileReference; fileEncoding = 30; lastKnownFileType = sourcecode.c.c; name = motion.c; path = libmpeg/video/motion.c; sourceTree = "<group>"; };
		66DF6C1701D7DCEA00A80119 /* mpeg3video.c */ = {isa = PBXFileReference; fileEncoding = 30; lastKnownFileType = sourcecode.c.c; name = mpeg3video.c; path = libmpeg/video/mpeg3video.c; sourceTree = "<group>"; };
		66DF6C1801D7DCEA00A80119 /* mpeg3video.h */ = {isa = PBXFileReference; fileEncoding = 30; lastKnownFileType = sourcecode.c.h; name = mpeg3video.h; path = libmpeg/video/mpeg3video.h; sourceTree = "<group>"; };
		66DF6C1901D7DCEA00A80119 /* mpeg3videoprotos.h */ = {isa = PBXFileReference; fileEncoding = 30; lastKnownFileType = sourcecode.c.h; name = mpeg3videoprotos.h; path = libmpeg/video/mpeg3videoprotos.h; sourceTree = "<group>"; };
		66DF6C1A01D7DCEA00A80119 /* output.c */ = {isa = PBXFileReference; fileEncoding = 30; lastKnownFileType = sourcecode.c.c; name = output.c; path = libmpeg/video/output.c; sourceTree = "<group>"; };
		66DF6C1B01D7DCEA00A80119 /* reconstruct.c */ = {isa = PBXFileReference; fileEncoding = 30; lastKnownFileType = sourcecode.c.c; name = reconstruct.c; path = libmpeg/video/reconstruct.c; sourceTree = "<group>"; };
		66DF6C1C01D7DCEA00A80119 /* seek.c */ = {isa = PBXFileReference; fileEncoding = 30; lastKnownFileType = sourcecode.c.c; name = seek.c; path = libmpeg/video/seek.c; sourceTree = "<group>"; };
		66DF6C1D01D7DCEA00A80119 /* slice.c */ = {isa = PBXFileReference; fileEncoding = 30; lastKnownFileType = sourcecode.c.c; name = slice.c; path = libmpeg/video/slice.c; sourceTree = "<group>"; };
		66DF6C1E01D7DCEA00A80119 /* slice.h */ = {isa = PBXFileReference; fileEncoding = 30; lastKnownFileType = sourcecode.c.h; name = slice.h; path = libmpeg/video/slice.h; sourceTree = "<group>"; };
		66DF6C1F01D7DCEA00A80119 /* vlc.c */ = {isa = PBXFileReference; fileEncoding = 30; lastKnownFileType = sourcecode.c.c; name = vlc.c; path = libmpeg/video/vlc.c; sourceTree = "<group>"; };
		66DF6C2001D7DCEA00A80119 /* vlc.h */ = {isa = PBXFileReference; fileEncoding = 30; lastKnownFileType = sourcecode.c.h; name = vlc.h; path = libmpeg/video/vlc.h; sourceTree = "<group>"; };
		66DF6C2101D7DCEA00A80119 /* bitstream.c */ = {isa = PBXFileReference; fileEncoding = 30; lastKnownFileType = sourcecode.c.c; name = bitstream.c; path = libmpeg/bitstream.c; sourceTree = SOURCE_ROOT; };
		66DF6C2201D7DCEA00A80119 /* bitstream.h */ = {isa = PBXFileReference; fileEncoding = 30; lastKnownFileType = sourcecode.c.h; name = bitstream.h; path = libmpeg/bitstream.h; sourceTree = SOURCE_ROOT; };
		66DF6C2301D7DCEA00A80119 /* libmpeg3.c */ = {isa = PBXFileReference; fileEncoding = 30; lastKnownFileType = sourcecode.c.c; name = libmpeg3.c; path = libmpeg/libmpeg3.c; sourceTree = SOURCE_ROOT; };
		66DF6C2401D7DCEA00A80119 /* libmpeg3.h */ = {isa = PBXFileReference; fileEncoding = 30; lastKnownFileType = sourcecode.c.h; name = libmpeg3.h; path = libmpeg/libmpeg3.h; sourceTree = SOURCE_ROOT; };
		66DF6C2501D7DCEA00A80119 /* mpeg3atrack.c */ = {isa = PBXFileReference; fileEncoding = 30; lastKnownFileType = sourcecode.c.c; name = mpeg3atrack.c; path = libmpeg/mpeg3atrack.c; sourceTree = SOURCE_ROOT; };
		66DF6C2601D7DCEA00A80119 /* mpeg3atrack.h */ = {isa = PBXFileReference; fileEncoding = 30; lastKnownFileType = sourcecode.c.h; name = mpeg3atrack.h; path = libmpeg/mpeg3atrack.h; sourceTree = SOURCE_ROOT; };
		66DF6C2701D7DCEA00A80119 /* mpeg3css.h */ = {isa = PBXFileReference; fileEncoding = 30; lastKnownFileType = sourcecode.c.h; name = mpeg3css.h; path = libmpeg/mpeg3css.h; sourceTree = SOURCE_ROOT; };
		66DF6C2801D7DCEA00A80119 /* mpeg3demux.c */ = {isa = PBXFileReference; fileEncoding = 30; lastKnownFileType = sourcecode.c.c; name = mpeg3demux.c; path = libmpeg/mpeg3demux.c; sourceTree = SOURCE_ROOT; };
		66DF6C2901D7DCEA00A80119 /* mpeg3demux.h */ = {isa = PBXFileReference; fileEncoding = 30; lastKnownFileType = sourcecode.c.h; name = mpeg3demux.h; path = libmpeg/mpeg3demux.h; sourceTree = SOURCE_ROOT; };
		66DF6C2A01D7DCEA00A80119 /* mpeg3io.c */ = {isa = PBXFileReference; fileEncoding = 30; lastKnownFileType = sourcecode.c.c; name = mpeg3io.c; path = libmpeg/mpeg3io.c; sourceTree = SOURCE_ROOT; };
		66DF6C2B01D7DCEA00A80119 /* mpeg3io.h */ = {isa = PBXFileReference; fileEncoding = 30; lastKnownFileType = sourcecode.c.h; name = mpeg3io.h; path = libmpeg/mpeg3io.h; sourceTree = SOURCE_ROOT; };
		66DF6C2C01D7DCEA00A80119 /* mpeg3private.h */ = {isa = PBXFileReference; fileEncoding = 30; lastKnownFileType = sourcecode.c.h; name = mpeg3private.h; path = libmpeg/mpeg3private.h; sourceTree = "<group>"; };
		66DF6C2D01D7DCEA00A80119 /* mpeg3protos.h */ = {isa = PBXFileReference; fileEncoding = 30; lastKnownFileType = sourcecode.c.h; name = mpeg3protos.h; path = libmpeg/mpeg3protos.h; sourceTree = "<group>"; };
		66DF6C2E01D7DCEA00A80119 /* mpeg3title.c */ = {isa = PBXFileReference; fileEncoding = 30; lastKnownFileType = sourcecode.c.c; name = mpeg3title.c; path = libmpeg/mpeg3title.c; sourceTree = SOURCE_ROOT; };
		66DF6C2F01D7DCEA00A80119 /* mpeg3title.h */ = {isa = PBXFileReference; fileEncoding = 30; lastKnownFileType = sourcecode.c.h; name = mpeg3title.h; path = libmpeg/mpeg3title.h; sourceTree = "<group>"; };
		66DF6C3001D7DCEA00A80119 /* mpeg3vtrack.c */ = {isa = PBXFileReference; fileEncoding = 30; lastKnownFileType = sourcecode.c.c; name = mpeg3vtrack.c; path = libmpeg/mpeg3vtrack.c; sourceTree = SOURCE_ROOT; };
		66DF6C3101D7DCEA00A80119 /* mpeg3vtrack.h */ = {isa = PBXFileReference; fileEncoding = 30; lastKnownFileType = sourcecode.c.h; name = mpeg3vtrack.h; path = libmpeg/mpeg3atrack.h; sourceTree = SOURCE_ROOT; };
		66DF6C3201D7DCEA00A80119 /* timecode.h */ = {isa = PBXFileReference; fileEncoding = 30; lastKnownFileType = sourcecode.c.h; name = timecode.h; path = libmpeg/timecode.h; sourceTree = "<group>"; };
		66DF6C3301D7DCEA00A80119 /* changesForSqueak.c */ = {isa = PBXFileReference; fileEncoding = 30; lastKnownFileType = sourcecode.c.c; name = changesForSqueak.c; path = libmpeg/changesForSqueak.c; sourceTree = SOURCE_ROOT; };
		66DF6C3401D7DCEA00A80119 /* Mpeg3Plugin.h */ = {isa = PBXFileReference; fileEncoding = 30; lastKnownFileType = sourcecode.c.h; path = Mpeg3Plugin.h; sourceTree = SOURCE_ROOT; };
		66DF6C3A01D7DCEA00A80119 /* App.rsrc */ = {isa = PBXFileReference; lastKnownFileType = archive.rsrc; name = App.rsrc; path = resources/App.rsrc; sourceTree = "<group>"; };
		66DF6C3B01D7DCEA00A80119 /* CarbonApp.rsrc */ = {isa = PBXFileReference; lastKnownFileType = archive.rsrc; name = CarbonApp.rsrc; path = resources/CarbonApp.rsrc; sourceTree = "<group>"; };
		66DF6C8201D7DF7E00A80119 /* Carbon.framework */ = {isa = PBXFileReference; lastKnownFileType = wrapper.framework; name = Carbon.framework; path = /System/Library/Frameworks/Carbon.framework; sourceTree = "<absolute>"; };
		66DF6C8501D7FB8D00A80119 /* mpeg3private.inc */ = {isa = PBXFileReference; explicitFileType = sourcecode.c.h; fileEncoding = 30; name = mpeg3private.inc; path = libmpeg/mpeg3private.inc; sourceTree = "<group>"; };
		949199CE098184F0000FC37A /* mpeg3Plugin-Info.plist */ = {isa = PBXFileReference; lastKnownFileType = text.xml; path = "mpeg3Plugin-Info.plist"; sourceTree = "<group>"; };
		949199E209818612000FC37A /* mpeg3Plugin.bundle */ = {isa = PBXFileReference; explicitFileType = wrapper.cfbundle; includeInIndex = 0; path = mpeg3Plugin.bundle; sourceTree = BUILT_PRODUCTS_DIR; };
		94A5EBAB0981BD9400AD29A8 /* sqMemoryAccess.h */ = {isa = PBXFileReference; fileEncoding = 30; lastKnownFileType = sourcecode.c.h; name = sqMemoryAccess.h; path = ../Squeak3.8.0/platforms/Cross/vm/sqMemoryAccess.h; sourceTree = SOURCE_ROOT; };
		94A5EBAD0981BDB800AD29A8 /* interp.h */ = {isa = PBXFileReference; fileEncoding = 30; lastKnownFileType = sourcecode.c.h; name = interp.h; path = ../Squeak3.8.0/src/vm/interp.h; sourceTree = SOURCE_ROOT; };
		94A5EBAF0981BDE200AD29A8 /* config.h */ = {isa = PBXFileReference; fileEncoding = 30; lastKnownFileType = sourcecode.c.h; name = config.h; path = "../Squeak3.8.0/platforms/Mac OS/vm/config.h"; sourceTree = SOURCE_ROOT; };
/* End PBXFileReference section */

/* Begin PBXFrameworksBuildPhase section */
		949199E009818612000FC37A /* Frameworks */ = {
			isa = PBXFrameworksBuildPhase;
			buildActionMask = 2147483647;
			files = (
				949199FD098186FB000FC37A /* Carbon.framework in Frameworks */,
			);
			runOnlyForDeploymentPostprocessing = 0;
		};
/* End PBXFrameworksBuildPhase section */

/* Begin PBXGroup section */
		66DF6BFE01D7DCEA00A80119 = {
			isa = PBXGroup;
			children = (
				66DF6BFF01D7DCEA00A80119 /* Sources */,
				66DF6C3901D7DCEA00A80119 /* resources */,
				66DF6C8201D7DF7E00A80119 /* Carbon.framework */,
				66DF6C4501D7DEEE00A80119 /* Products */,
				949199CE098184F0000FC37A /* mpeg3Plugin-Info.plist */,
			);
			sourceTree = "<group>";
		};
		66DF6BFF01D7DCEA00A80119 /* Sources */ = {
			isa = PBXGroup;
			children = (
				94A5EBAF0981BDE200AD29A8 /* config.h */,
				94A5EBAD0981BDB800AD29A8 /* interp.h */,
				94A5EBAB0981BD9400AD29A8 /* sqMemoryAccess.h */,
				66DF6C0001D7DCEA00A80119 /* Audio */,
				66DF6C0E01D7DCEA00A80119 /* Video */,
				66DF6C2101D7DCEA00A80119 /* bitstream.c */,
				66DF6C2201D7DCEA00A80119 /* bitstream.h */,
				66DF6C2301D7DCEA00A80119 /* libmpeg3.c */,
				66DF6C2401D7DCEA00A80119 /* libmpeg3.h */,
				66DF6C2501D7DCEA00A80119 /* mpeg3atrack.c */,
				66DF6C2601D7DCEA00A80119 /* mpeg3atrack.h */,
				66DF6C2701D7DCEA00A80119 /* mpeg3css.h */,
				66DF6C2801D7DCEA00A80119 /* mpeg3demux.c */,
				66DF6C2901D7DCEA00A80119 /* mpeg3demux.h */,
				66DF6C2A01D7DCEA00A80119 /* mpeg3io.c */,
				66DF6C2B01D7DCEA00A80119 /* mpeg3io.h */,
				66DF6C2C01D7DCEA00A80119 /* mpeg3private.h */,
				66DF6C2D01D7DCEA00A80119 /* mpeg3protos.h */,
				66DF6C2E01D7DCEA00A80119 /* mpeg3title.c */,
				66DF6C2F01D7DCEA00A80119 /* mpeg3title.h */,
				66DF6C3001D7DCEA00A80119 /* mpeg3vtrack.c */,
				66DF6C3101D7DCEA00A80119 /* mpeg3vtrack.h */,
				66DF6C3201D7DCEA00A80119 /* timecode.h */,
				66DF6C3301D7DCEA00A80119 /* changesForSqueak.c */,
				66DF6C3401D7DCEA00A80119 /* Mpeg3Plugin.h */,
				66D7904B01D8034300A80119 /* Mpeg3Plugin.c */,
				66DF6C8501D7FB8D00A80119 /* mpeg3private.inc */,
				66A53B1C01DAA43100A80109 /* sqMacFileLogic.c */,
				66A53B1D01DAA43100A80109 /* sqMacFileLogic.h */,
			);
			name = Sources;
			sourceTree = "<group>";
		};
		66DF6C0001D7DCEA00A80119 /* Audio */ = {
			isa = PBXGroup;
			children = (
				66DF6C0101D7DCEA00A80119 /* ac3.h */,
				66DF6C0201D7DCEA00A80119 /* dct.c */,
				66DF6C0301D7DCEA00A80119 /* header.c */,
				66DF6C0401D7DCEA00A80119 /* huffman.h */,
				66DF6C0501D7DCEA00A80119 /* layer1.c */,
				66DF6C0601D7DCEA00A80119 /* layer2.c */,
				66DF6C0701D7DCEA00A80119 /* layer3.c */,
				66DF6C0801D7DCEA00A80119 /* mpeg3audio.c */,
				66DF6C0901D7DCEA00A80119 /* mpeg3audio.h */,
				66DF6C0A01D7DCEA00A80119 /* pcm.c */,
				66DF6C0B01D7DCEA00A80119 /* synthesizers.c */,
				66DF6C0C01D7DCEA00A80119 /* tables.c */,
				66DF6C0D01D7DCEA00A80119 /* tables.h */,
			);
			name = Audio;
			sourceTree = "<group>";
		};
		66DF6C0E01D7DCEA00A80119 /* Video */ = {
			isa = PBXGroup;
			children = (
				66DF6C0F01D7DCEA00A80119 /* getpicture.c */,
				66DF6C1001D7DCEA00A80119 /* headers.c */,
				66DF6C1101D7DCEA00A80119 /* idct.c */,
				66DF6C1201D7DCEA00A80119 /* idct.h */,
				66DF6C1301D7DCEA00A80119 /* layerdata.h */,
				66DF6C1401D7DCEA00A80119 /* macroblocks.c */,
				66DF6C1501D7DCEA00A80119 /* mmxtest.c */,
				66DF6C1601D7DCEA00A80119 /* motion.c */,
				66DF6C1701D7DCEA00A80119 /* mpeg3video.c */,
				66DF6C1801D7DCEA00A80119 /* mpeg3video.h */,
				66DF6C1901D7DCEA00A80119 /* mpeg3videoprotos.h */,
				66DF6C1A01D7DCEA00A80119 /* output.c */,
				66DF6C1B01D7DCEA00A80119 /* reconstruct.c */,
				66DF6C1C01D7DCEA00A80119 /* seek.c */,
				66DF6C1D01D7DCEA00A80119 /* slice.c */,
				66DF6C1E01D7DCEA00A80119 /* slice.h */,
				66DF6C1F01D7DCEA00A80119 /* vlc.c */,
				66DF6C2001D7DCEA00A80119 /* vlc.h */,
			);
			name = Video;
			sourceTree = "<group>";
		};
		66DF6C3901D7DCEA00A80119 /* resources */ = {
			isa = PBXGroup;
			children = (
				66DF6C3A01D7DCEA00A80119 /* App.rsrc */,
				66DF6C3B01D7DCEA00A80119 /* CarbonApp.rsrc */,
				66C6C8E501DB1EC300A80109 /* SqueakPlugin.icns */,
			);
			name = resources;
			sourceTree = "<group>";
		};
		66DF6C4501D7DEEE00A80119 /* Products */ = {
			isa = PBXGroup;
			children = (
				949199E209818612000FC37A /* mpeg3Plugin.bundle */,
			);
			name = Products;
			sourceTree = "<group>";
		};
/* End PBXGroup section */

/* Begin PBXNativeTarget section */
		949199E109818612000FC37A /* mpeg3Plugin */ = {
			isa = PBXNativeTarget;
			buildConfigurationList = 949199E409818612000FC37A /* Build configuration list for PBXNativeTarget "mpeg3Plugin" */;
			buildPhases = (
				949199DE09818612000FC37A /* Resources */,
				949199DF09818612000FC37A /* Sources */,
				949199E009818612000FC37A /* Frameworks */,
			);
			buildRules = (
				94919AFB09818E6B000FC37A /* PBXBuildRule */,
			);
			buildSettings = {
				GCC_ENABLE_FIX_AND_CONTINUE = YES;
				GCC_MODEL_TUNING = G5;
				GCC_PRECOMPILE_PREFIX_HEADER = YES;
				GCC_PREFIX_HEADER = "$(SYSTEM_LIBRARY_DIR)/Frameworks/Carbon.framework/Headers/Carbon.h";
				INFOPLIST_FILE = "mpeg3Plugin-Info.plist";
				INSTALL_PATH = "$(HOME)/Library/Bundles";
				OTHER_LDFLAGS = (
					"-framework",
					Carbon,
				);
				PREBINDING = NO;
				PRODUCT_NAME = mpeg3Plugin;
				WRAPPER_EXTENSION = bundle;
				ZERO_LINK = YES;
			};
			dependencies = (
			);
			name = mpeg3Plugin;
			productName = mpeg3Plugin;
			productReference = 949199E209818612000FC37A /* mpeg3Plugin.bundle */;
			productSettingsXML = "<?xml version=\"1.0\" encoding=\"UTF-8\"?>
<!DOCTYPE plist PUBLIC \"-//Apple Computer//DTD PLIST 1.0//EN\" \"http://www.apple.com/DTDs/PropertyList-1.0.dtd\">
<plist version=\"1.0\">
<dict>
	<key>CFBundleDevelopmentRegion</key>
	<string>English</string>
	<key>CFBundleExecutable</key>
	<string>mpeg3Plugin</string>
	<key>CFBundleIdentifier</key>
	<string>com.yourcompany.mpeg3Plugin</string>
	<key>CFBundleInfoDictionaryVersion</key>
	<string>6.0</string>
	<key>CFBundlePackageType</key>
	<string>BNDL</string>
	<key>CFBundleSignature</key>
	<string>????</string>
	<key>CFBundleVersion</key>
	<string>1.0</string>
	<key>CSResourcesFileMapped</key>
	<string>yes</string>
</dict>
</plist>
";
			productType = "com.apple.product-type.bundle";
		};
/* End PBXNativeTarget section */

/* Begin PBXProject section */
		66DF6BFD01D7DCEA00A80119 /* Project object */ = {
			isa = PBXProject;
			buildConfigurationList = 946BCE000959347500803517 /* Build configuration list for PBXProject "mpeglibAudioVideo" */;
			buildSettings = {
			};
			buildStyles = (
				66DF6C4301D7DCEA00A80119 /* Development */,
				66DF6C4401D7DCEA00A80119 /* Deployment */,
			);
			hasScannedForEncodings = 1;
			mainGroup = 66DF6BFE01D7DCEA00A80119;
			productRefGroup = 66DF6C4501D7DEEE00A80119 /* Products */;
			projectDirPath = "";
			targets = (
				949199E109818612000FC37A /* mpeg3Plugin */,
			);
		};
/* End PBXProject section */

/* Begin PBXResourcesBuildPhase section */
		949199DE09818612000FC37A /* Resources */ = {
			isa = PBXResourcesBuildPhase;
			buildActionMask = 2147483647;
			files = (
				949199FE098186FC000FC37A /* CarbonApp.rsrc in Resources */,
				94919A1D09818719000FC37A /* SqueakPlugin.icns in Resources */,
			);
			runOnlyForDeploymentPostprocessing = 0;
		};
/* End PBXResourcesBuildPhase section */

/* Begin PBXSourcesBuildPhase section */
		949199DF09818612000FC37A /* Sources */ = {
			isa = PBXSourcesBuildPhase;
			buildActionMask = 2147483647;
			files = (
				949199FC098186F8000FC37A /* bitstream.c in Sources */,
				949199FF098186FD000FC37A /* changesForSqueak.c in Sources */,
				94919A00098186FE000FC37A /* dct.c in Sources */,
				94919A01098186FE000FC37A /* getpicture.c in Sources */,
				94919A02098186FF000FC37A /* header.c in Sources */,
				94919A03098186FF000FC37A /* headers.c in Sources */,
				94919A0409818701000FC37A /* idct.c in Sources */,
				94919A0509818702000FC37A /* layer1.c in Sources */,
				94919A0609818702000FC37A /* layer2.c in Sources */,
				94919A0709818703000FC37A /* layer3.c in Sources */,
				94919A0809818704000FC37A /* libmpeg3.c in Sources */,
				94919A0909818705000FC37A /* macroblocks.c in Sources */,
				94919A0A09818706000FC37A /* mmxtest.c in Sources */,
				94919A0B09818706000FC37A /* motion.c in Sources */,
				94919A0C09818707000FC37A /* mpeg3atrack.c in Sources */,
				94919A0D09818708000FC37A /* mpeg3audio.c in Sources */,
				94919A0E09818709000FC37A /* mpeg3demux.c in Sources */,
				94919A0F09818709000FC37A /* mpeg3io.c in Sources */,
				94919A120981870F000FC37A /* Mpeg3Plugin.c in Sources */,
				94919A1409818712000FC37A /* mpeg3title.c in Sources */,
				94919A1509818713000FC37A /* mpeg3video.c in Sources */,
				94919A1609818714000FC37A /* mpeg3vtrack.c in Sources */,
				94919A1709818715000FC37A /* output.c in Sources */,
				94919A1809818715000FC37A /* pcm.c in Sources */,
				94919A1909818716000FC37A /* reconstruct.c in Sources */,
				94919A1A09818716000FC37A /* seek.c in Sources */,
				94919A1B09818717000FC37A /* slice.c in Sources */,
				94919A1C09818718000FC37A /* sqMacFileLogic.c in Sources */,
				94919A1E09818719000FC37A /* synthesizers.c in Sources */,
				94919A1F0981871A000FC37A /* tables.c in Sources */,
				94919A200981871B000FC37A /* vlc.c in Sources */,
				94919A39098187FE000FC37A /* mpeg3private.inc in Sources */,
			);
			runOnlyForDeploymentPostprocessing = 0;
		};
/* End PBXSourcesBuildPhase section */

/* Begin XCBuildConfiguration section */
		946BCE010959347500803517 /* Development */ = {
			isa = XCBuildConfiguration;
			buildSettings = {
				SDKROOT = /Developer/SDKs/MacOSX10.3.9.sdk;
			};
			name = Development;
		};
		946BCE020959347500803517 /* Deployment */ = {
			isa = XCBuildConfiguration;
			buildSettings = {
				SDKROOT = /Developer/SDKs/MacOSX10.3.9.sdk;
			};
			name = Deployment;
		};
		946BCE030959347500803517 /* Default */ = {
			isa = XCBuildConfiguration;
			buildSettings = {
				SDKROOT = /Developer/SDKs/MacOSX10.3.9.sdk;
			};
			name = Default;
		};
		949199E509818612000FC37A /* Development */ = {
			isa = XCBuildConfiguration;
			buildSettings = {
				COPY_PHASE_STRIP = NO;
				GCC_GENERATE_DEBUGGING_SYMBOLS = YES;
				GCC_MODEL_TUNING = G4;
				GCC_OPTIMIZATION_LEVEL = 0;
				GCC_PRECOMPILE_PREFIX_HEADER = YES;
				GCC_PREFIX_HEADER = "$(SYSTEM_LIBRARY_DIR)/Frameworks/Carbon.framework/Headers/Carbon.h";
				HEADER_SEARCH_PATHS = /Developer/Headers/FlatCarbon;
				INFOPLIST_FILE = "mpeg3Plugin-Info.plist";
				INSTALL_PATH = "$(HOME)/Library/Bundles";
				OTHER_CFLAGS = (
					"-fPIC",
					"-DTARGET_OS_MAC",
					"-DNOPTHREADS",
				);
				OTHER_LDFLAGS = (
					"-framework",
					Carbon,
				);
				PKGINFO_FILE_CONTENTS = BNDLFAST;
				PREBINDING = NO;
				PRODUCT_NAME = mpeg3Plugin;
				USER_HEADER_SEARCH_PATHS = "";
				WRAPPER_EXTENSION = bundle;
				ZERO_LINK = YES;
			};
			name = Development;
		};
		949199E609818612000FC37A /* Deployment */ = {
			isa = XCBuildConfiguration;
			buildSettings = {
				COPY_PHASE_STRIP = YES;
				GCC_ENABLE_FIX_AND_CONTINUE = NO;
				GCC_GENERATE_DEBUGGING_SYMBOLS = NO;
				GCC_PRECOMPILE_PREFIX_HEADER = YES;
				GCC_PREFIX_HEADER = "$(SYSTEM_LIBRARY_DIR)/Frameworks/Carbon.framework/Headers/Carbon.h";
				HEADER_SEARCH_PATHS = /Developer/Headers/FlatCarbon;
				INFOPLIST_FILE = "mpeg3Plugin-Info.plist";
				INSTALL_PATH = "$(HOME)/Library/Bundles";
				OTHER_CFLAGS = (
					"-DTARGET_OS_MAC",
					"-DNOPTHREADS",
					"-fast",
					"-mcpu=G4",
					"-mtune=G4",
					"-fPIC",
				);
				OTHER_LDFLAGS = (
					"-framework",
					Carbon,
				);
				PKGINFO_FILE_CONTENTS = BNLDFAST;
				PREBINDING = NO;
				PRODUCT_NAME = mpeg3Plugin;
				WRAPPER_EXTENSION = bundle;
				ZERO_LINK = NO;
			};
			name = Deployment;
		};
		949199E709818612000FC37A /* Default */ = {
			isa = XCBuildConfiguration;
			buildSettings = {
				GCC_ENABLE_FIX_AND_CONTINUE = YES;
				GCC_MODEL_TUNING = G5;
				GCC_PRECOMPILE_PREFIX_HEADER = YES;
				GCC_PREFIX_HEADER = "$(SYSTEM_LIBRARY_DIR)/Frameworks/Carbon.framework/Headers/Carbon.h";
				INFOPLIST_FILE = "mpeg3Plugin-Info.plist";
				INSTALL_PATH = "$(HOME)/Library/Bundles";
				OTHER_LDFLAGS = (
					"-framework",
					Carbon,
				);
				PREBINDING = NO;
				PRODUCT_NAME = mpeg3Plugin;
				WRAPPER_EXTENSION = bundle;
				ZERO_LINK = YES;
			};
			name = Default;
		};
/* End XCBuildConfiguration section */

/* Begin XCConfigurationList section */
		946BCE000959347500803517 /* Build configuration list for PBXProject "mpeglibAudioVideo" */ = {
			isa = XCConfigurationList;
			buildConfigurations = (
				946BCE010959347500803517 /* Development */,
				946BCE020959347500803517 /* Deployment */,
				946BCE030959347500803517 /* Default */,
			);
			defaultConfigurationIsVisible = 0;
			defaultConfigurationName = Default;
		};
		949199E409818612000FC37A /* Build configuration list for PBXNativeTarget "mpeg3Plugin" */ = {
			isa = XCConfigurationList;
			buildConfigurations = (
				949199E509818612000FC37A /* Development */,
				949199E609818612000FC37A /* Deployment */,
				949199E709818612000FC37A /* Default */,
			);
			defaultConfigurationIsVisible = 0;
			defaultConfigurationName = Default;
		};
/* End XCConfigurationList section */
	};
	rootObject = 66DF6BFD01D7DCEA00A80119 /* Project object */;
}
