// !$*UTF8*$!
{
	archiveVersion = 1;
	classes = {
	};
	objectVersion = 46;
	objects = {

/* Begin PBXBuildFile section */
		94ABA8880858C2CB00079BE1 /* LocalePlugin.c in Sources */ = {isa = PBXBuildFile; fileRef = 94ABA8870858C2CB00079BE1 /* LocalePlugin.c */; };
		94ABA8910858C3F900079BE1 /* LocalePlugin.h in Headers */ = {isa = PBXBuildFile; fileRef = 94ABA8900858C3F900079BE1 /* LocalePlugin.h */; };
		94ABA8930858C40D00079BE1 /* sqMemoryAccess.h in Headers */ = {isa = PBXBuildFile; fileRef = 94ABA8920858C40D00079BE1 /* sqMemoryAccess.h */; };
		94AF34E20846F91100FA5ACB /* sqConfig.h in Headers */ = {isa = PBXBuildFile; fileRef = 66B8BC580381F61C00A8011A /* sqConfig.h */; };
		94AF34E30846F91100FA5ACB /* sqPlatformSpecific.h in Headers */ = {isa = PBXBuildFile; fileRef = 66B8BC5A0381F63A00A8011A /* sqPlatformSpecific.h */; };
		94AF34E40846F91100FA5ACB /* sq.h in Headers */ = {isa = PBXBuildFile; fileRef = 66B8BC5C0381F66500A8011A /* sq.h */; };
		94AF34E50846F91100FA5ACB /* sqVirtualMachine.h in Headers */ = {isa = PBXBuildFile; fileRef = 66B8BC5E0381F69100A8011A /* sqVirtualMachine.h */; };
		94AF34E80846F91100FA5ACB /* SqueakPlugin.icns in Resources */ = {isa = PBXBuildFile; fileRef = 66C6C8E501DB1EC300A80109 /* SqueakPlugin.icns */; };
		94AF35010846F98600FA5ACB /* config.h in Headers */ = {isa = PBXBuildFile; fileRef = 94AF35000846F98600FA5ACB /* config.h */; };
		94AF35050846F9AB00FA5ACB /* interp.h in Headers */ = {isa = PBXBuildFile; fileRef = 94AF35040846F9AB00FA5ACB /* interp.h */; };
		94E7F6C7123740F900A03A11 /* sqMacLocaleCocoa.h in Headers */ = {isa = PBXBuildFile; fileRef = 94E7F6C5123740F900A03A11 /* sqMacLocaleCocoa.h */; };
		94E7F6C8123740F900A03A11 /* sqMacLocaleCocoa.m in Sources */ = {isa = PBXBuildFile; fileRef = 94E7F6C6123740F900A03A11 /* sqMacLocaleCocoa.m */; };
		94E7F9051237550300A03A11 /* Cocoa.framework in Frameworks */ = {isa = PBXBuildFile; fileRef = 94E7F9041237550300A03A11 /* Cocoa.framework */; };
/* End PBXBuildFile section */

/* Begin PBXBuildRule section */
		94AF34F70846F94F00FA5ACB /* PBXBuildRule */ = {
			isa = PBXBuildRule;
			compilerSpec = com.apple.compilers.gcc.3_3;
			fileType = sourcecode.c;
			isEditable = 1;
			outputFiles = (
			);
		};
/* End PBXBuildRule section */

/* Begin PBXFileReference section */
		66B8BC580381F61C00A8011A /* sqConfig.h */ = {isa = PBXFileReference; fileEncoding = 30; lastKnownFileType = sourcecode.c.h; path = sqConfig.h; sourceTree = "<group>"; };
		66B8BC5A0381F63A00A8011A /* sqPlatformSpecific.h */ = {isa = PBXFileReference; fileEncoding = 30; lastKnownFileType = sourcecode.c.h; path = sqPlatformSpecific.h; sourceTree = "<group>"; };
		66B8BC5C0381F66500A8011A /* sq.h */ = {isa = PBXFileReference; fileEncoding = 30; lastKnownFileType = sourcecode.c.h; path = sq.h; sourceTree = "<group>"; };
		66B8BC5E0381F69100A8011A /* sqVirtualMachine.h */ = {isa = PBXFileReference; fileEncoding = 30; lastKnownFileType = sourcecode.c.h; path = sqVirtualMachine.h; sourceTree = "<group>"; };
		66C6C8E501DB1EC300A80109 /* SqueakPlugin.icns */ = {isa = PBXFileReference; lastKnownFileType = image.icns; name = SqueakPlugin.icns; path = ../../vm/OSX/SqueakPlugin.icns; sourceTree = "<group>"; };
		94ABA8870858C2CB00079BE1 /* LocalePlugin.c */ = {isa = PBXFileReference; fileEncoding = 30; lastKnownFileType = sourcecode.c.c; path = LocalePlugin.c; sourceTree = "<group>"; };
		94ABA8900858C3F900079BE1 /* LocalePlugin.h */ = {isa = PBXFileReference; fileEncoding = 30; lastKnownFileType = sourcecode.c.h; name = LocalePlugin.h; path = ../../../../../Cross/plugins/LocalePlugin/LocalePlugin.h; sourceTree = "<group>"; };
		94ABA8920858C40D00079BE1 /* sqMemoryAccess.h */ = {isa = PBXFileReference; fileEncoding = 30; lastKnownFileType = sourcecode.c.h; path = sqMemoryAccess.h; sourceTree = "<group>"; };
		94AF34F10846F91100FA5ACB /* Info-SqueakLocalePlugin__Upgraded_.plist */ = {isa = PBXFileReference; lastKnownFileType = text.plist.xml; path = "Info-SqueakLocalePlugin__Upgraded_.plist"; sourceTree = "<group>"; };
		94AF34F20846F91100FA5ACB /* LocalePlugin.bundle */ = {isa = PBXFileReference; explicitFileType = wrapper.cfbundle; includeInIndex = 0; path = LocalePlugin.bundle; sourceTree = BUILT_PRODUCTS_DIR; };
		94AF35000846F98600FA5ACB /* config.h */ = {isa = PBXFileReference; fileEncoding = 30; lastKnownFileType = sourcecode.c.h; path = config.h; sourceTree = "<group>"; };
		94AF35040846F9AB00FA5ACB /* interp.h */ = {isa = PBXFileReference; fileEncoding = 30; lastKnownFileType = sourcecode.c.h; name = interp.h; path = ../../vm/interp.h; sourceTree = "<group>"; };
		94E7F6C5123740F900A03A11 /* sqMacLocaleCocoa.h */ = {isa = PBXFileReference; fileEncoding = 4; lastKnownFileType = sourcecode.c.h; path = sqMacLocaleCocoa.h; sourceTree = "<group>"; };
		94E7F6C6123740F900A03A11 /* sqMacLocaleCocoa.m */ = {isa = PBXFileReference; fileEncoding = 4; lastKnownFileType = sourcecode.c.objc; path = sqMacLocaleCocoa.m; sourceTree = "<group>"; };
		94E7F9041237550300A03A11 /* Cocoa.framework */ = {isa = PBXFileReference; lastKnownFileType = wrapper.framework; name = Cocoa.framework; path = System/Library/Frameworks/Cocoa.framework; sourceTree = SDKROOT; };
/* End PBXFileReference section */

/* Begin PBXFrameworksBuildPhase section */
		94AF34EE0846F91100FA5ACB /* Frameworks */ = {
			isa = PBXFrameworksBuildPhase;
			buildActionMask = 2147483647;
			files = (
				94E7F9051237550300A03A11 /* Cocoa.framework in Frameworks */,
			);
			runOnlyForDeploymentPostprocessing = 0;
		};
/* End PBXFrameworksBuildPhase section */

/* Begin PBXGroup section */
		66B8BC570381F53800A8011A /* iPhone */ = {
			isa = PBXGroup;
			children = (
				94AF35000846F98600FA5ACB /* config.h */,
				66B8BC580381F61C00A8011A /* sqConfig.h */,
				66B8BC5A0381F63A00A8011A /* sqPlatformSpecific.h */,
			);
			name = iPhone;
			path = ../../vm/iPhone;
			sourceTree = SOURCE_ROOT;
		};
		66DF6BFE01D7DCEA00A80119 = {
			isa = PBXGroup;
			children = (
				94E7F9191237565E00A03A11 /* vm */,
				66B8BC570381F53800A8011A /* iPhone */,
				94E7F8371237541300A03A11 /* LocalePlugin */,
				66DF6BFF01D7DCEA00A80119 /* Sources */,
				66DF6C3901D7DCEA00A80119 /* resources */,
				66DF6C4501D7DEEE00A80119 /* Products */,
				94AF34F10846F91100FA5ACB /* Info-SqueakLocalePlugin__Upgraded_.plist */,
				94E7F9041237550300A03A11 /* Cocoa.framework */,
			);
			sourceTree = "<group>";
		};
		66DF6BFF01D7DCEA00A80119 /* Sources */ = {
			isa = PBXGroup;
			children = (
				94E7F6C5123740F900A03A11 /* sqMacLocaleCocoa.h */,
				94E7F6C6123740F900A03A11 /* sqMacLocaleCocoa.m */,
			);
			name = Sources;
			sourceTree = "<group>";
		};
		66DF6C3901D7DCEA00A80119 /* resources */ = {
			isa = PBXGroup;
			children = (
				66C6C8E501DB1EC300A80109 /* SqueakPlugin.icns */,
			);
			name = resources;
			sourceTree = "<group>";
		};
		66DF6C4501D7DEEE00A80119 /* Products */ = {
			isa = PBXGroup;
			children = (
				94AF34F20846F91100FA5ACB /* LocalePlugin.bundle */,
			);
			name = Products;
			sourceTree = "<group>";
		};
		94E7F8371237541300A03A11 /* LocalePlugin */ = {
			isa = PBXGroup;
			children = (
				94ABA8900858C3F900079BE1 /* LocalePlugin.h */,
				94ABA8870858C2CB00079BE1 /* LocalePlugin.c */,
				94AF35040846F9AB00FA5ACB /* interp.h */,
			);
			name = LocalePlugin;
			path = ../../vm/src/plugins/LocalePlugin;
			sourceTree = SOURCE_ROOT;
		};
		94E7F9191237565E00A03A11 /* vm */ = {
			isa = PBXGroup;
			children = (
				66B8BC5C0381F66500A8011A /* sq.h */,
				66B8BC5E0381F69100A8011A /* sqVirtualMachine.h */,
				94ABA8920858C40D00079BE1 /* sqMemoryAccess.h */,
			);
			name = vm;
			path = ../../../Cross/vm;
			sourceTree = "<group>";
		};
/* End PBXGroup section */

/* Begin PBXHeadersBuildPhase section */
		94AF34E10846F91100FA5ACB /* Headers */ = {
			isa = PBXHeadersBuildPhase;
			buildActionMask = 2147483647;
			files = (
				94AF34E20846F91100FA5ACB /* sqConfig.h in Headers */,
				94AF34E30846F91100FA5ACB /* sqPlatformSpecific.h in Headers */,
				94AF34E40846F91100FA5ACB /* sq.h in Headers */,
				94AF34E50846F91100FA5ACB /* sqVirtualMachine.h in Headers */,
				94AF35010846F98600FA5ACB /* config.h in Headers */,
				94AF35050846F9AB00FA5ACB /* interp.h in Headers */,
				94ABA8910858C3F900079BE1 /* LocalePlugin.h in Headers */,
				94ABA8930858C40D00079BE1 /* sqMemoryAccess.h in Headers */,
				94E7F6C7123740F900A03A11 /* sqMacLocaleCocoa.h in Headers */,
			);
			runOnlyForDeploymentPostprocessing = 0;
		};
/* End PBXHeadersBuildPhase section */

/* Begin PBXNativeTarget section */
		94AF34E00846F91100FA5ACB /* SqueakLocalePlugin */ = {
			isa = PBXNativeTarget;
			buildConfigurationList = 943BD77109BFD3D00013220E /* Build configuration list for PBXNativeTarget "SqueakLocalePlugin" */;
			buildPhases = (
				94AF34E10846F91100FA5ACB /* Headers */,
				94AF34E70846F91100FA5ACB /* Resources */,
				94AF34EA0846F91100FA5ACB /* Sources */,
				94AF34EE0846F91100FA5ACB /* Frameworks */,
				94AF34F00846F91100FA5ACB /* Rez */,
			);
			buildRules = (
				94AF34F70846F94F00FA5ACB /* PBXBuildRule */,
			);
			dependencies = (
			);
			name = SqueakLocalePlugin;
			productInstallPath = "$(USER_LIBRARY_DIR)/Bundles";
			productName = "mpeg3PluginBundle Debug";
			productReference = 94AF34F20846F91100FA5ACB /* LocalePlugin.bundle */;
			productType = "com.apple.product-type.bundle";
		};
/* End PBXNativeTarget section */

/* Begin PBXProject section */
		66DF6BFD01D7DCEA00A80119 /* Project object */ = {
			isa = PBXProject;
			buildConfigurationList = 943BD77509BFD3D00013220E /* Build configuration list for PBXProject "SqueakLocale" */;
			compatibilityVersion = "Xcode 3.2";
			developmentRegion = English;
			hasScannedForEncodings = 1;
			knownRegions = (
				English,
				Japanese,
				French,
				German,
			);
			mainGroup = 66DF6BFE01D7DCEA00A80119;
			productRefGroup = 66DF6C4501D7DEEE00A80119 /* Products */;
			projectDirPath = "";
			projectRoot = "";
			targets = (
				94AF34E00846F91100FA5ACB /* SqueakLocalePlugin */,
			);
		};
/* End PBXProject section */

/* Begin PBXResourcesBuildPhase section */
		94AF34E70846F91100FA5ACB /* Resources */ = {
			isa = PBXResourcesBuildPhase;
			buildActionMask = 2147483647;
			files = (
				94AF34E80846F91100FA5ACB /* SqueakPlugin.icns in Resources */,
			);
			runOnlyForDeploymentPostprocessing = 0;
		};
/* End PBXResourcesBuildPhase section */

/* Begin PBXRezBuildPhase section */
		94AF34F00846F91100FA5ACB /* Rez */ = {
			isa = PBXRezBuildPhase;
			buildActionMask = 2147483647;
			files = (
			);
			runOnlyForDeploymentPostprocessing = 0;
		};
/* End PBXRezBuildPhase section */

/* Begin PBXSourcesBuildPhase section */
		94AF34EA0846F91100FA5ACB /* Sources */ = {
			isa = PBXSourcesBuildPhase;
			buildActionMask = 2147483647;
			files = (
				94ABA8880858C2CB00079BE1 /* LocalePlugin.c in Sources */,
				94E7F6C8123740F900A03A11 /* sqMacLocaleCocoa.m in Sources */,
			);
			runOnlyForDeploymentPostprocessing = 0;
		};
/* End PBXSourcesBuildPhase section */

/* Begin XCBuildConfiguration section */
		943BD77209BFD3D00013220E /* Development */ = {
			isa = XCBuildConfiguration;
			buildSettings = {
				GCC_DYNAMIC_NO_PIC = NO;
				GCC_ENABLE_FIX_AND_CONTINUE = YES;
				GCC_GENERATE_DEBUGGING_SYMBOLS = YES;
				GCC_OPTIMIZATION_LEVEL = 0;
				GENERATE_PKGINFO_FILE = YES;
				INFOPLIST_FILE = "Info-SqueakLocalePlugin__Upgraded_.plist";
				ONLY_ACTIVE_ARCH = YES;
				OTHER_LDFLAGS = "";
				PRODUCT_NAME = LocalePlugin;
				SECTORDER_FLAGS = "";
				USER_HEADER_SEARCH_PATHS = "\"$(SRCROOT)/../../vm/iPhone\"";
				WARNING_CFLAGS = (
					"-Wmost",
					"-Wno-four-char-constants",
					"-Wno-unknown-pragmas",
				);
				WRAPPER_EXTENSION = bundle;
			};
			name = Development;
		};
		943BD77309BFD3D00013220E /* Deployment */ = {
			isa = XCBuildConfiguration;
			buildSettings = {
				ARCHS = "$(ARCHS_STANDARD_32_64_BIT)";
				CODE_SIGN_IDENTITY = "iPhone Distribution: Corporate Smalltalk Consulting Ltd";
				COPY_PHASE_STRIP = YES;
				GENERATE_PKGINFO_FILE = YES;
				INFOPLIST_FILE = "Info-SqueakLocalePlugin__Upgraded_.plist";
				PRODUCT_NAME = LocalePlugin;
				SDKROOT = macosx10.5;
				USER_HEADER_SEARCH_PATHS = "\"$(SRCROOT)/../../vm/iPhone\"";
				WRAPPER_EXTENSION = bundle;
			};
			name = Deployment;
		};
		943BD77609BFD3D00013220E /* Development */ = {
			isa = XCBuildConfiguration;
			buildSettings = {
				MACOSX_DEPLOYMENT_TARGET = 10.5;
				SDKROOT = macosx10.5;
			};
			name = Development;
		};
		943BD77709BFD3D00013220E /* Deployment */ = {
			isa = XCBuildConfiguration;
			buildSettings = {
				MACOSX_DEPLOYMENT_TARGET = 10.5;
				SDKROOT = macosx10.5;
			};
			name = Deployment;
		};
/* End XCBuildConfiguration section */

/* Begin XCConfigurationList section */
		943BD77109BFD3D00013220E /* Build configuration list for PBXNativeTarget "SqueakLocalePlugin" */ = {
			isa = XCConfigurationList;
			buildConfigurations = (
				943BD77209BFD3D00013220E /* Development */,
				943BD77309BFD3D00013220E /* Deployment */,
			);
			defaultConfigurationIsVisible = 0;
			defaultConfigurationName = Development;
		};
		943BD77509BFD3D00013220E /* Build configuration list for PBXProject "SqueakLocale" */ = {
			isa = XCConfigurationList;
			buildConfigurations = (
				943BD77609BFD3D00013220E /* Development */,
				943BD77709BFD3D00013220E /* Deployment */,
			);
			defaultConfigurationIsVisible = 0;
			defaultConfigurationName = Development;
		};
/* End XCConfigurationList section */
	};
	rootObject = 66DF6BFD01D7DCEA00A80119 /* Project object */;
}
