// !$*UTF8*$!
{
	archiveVersion = 1;
	classes = {
	};
	objectVersion = 42;
	objects = {

/* Begin PBXBuildFile section */
		8D01CCCE0486CAD60068D4B7 /* Carbon.framework in Frameworks */ = {isa = PBXBuildFile; fileRef = 08EA7FFBFE8413EDC02AAC07 /* Carbon.framework */; };
		A271C7E50CEB87DD0014AC5E /* FloatMathPlugin.c in Sources */ = {isa = PBXBuildFile; fileRef = A271C7E40CEB87DD0014AC5E /* FloatMathPlugin.c */; };
		A271C8690CEB88460014AC5E /* acos.c in Sources */ = {isa = PBXBuildFile; fileRef = A271C7E70CEB88460014AC5E /* acos.c */; };
		A271C86A0CEB88460014AC5E /* acosh.c in Sources */ = {isa = PBXBuildFile; fileRef = A271C7E80CEB88460014AC5E /* acosh.c */; };
		A271C86B0CEB88460014AC5E /* asin.c in Sources */ = {isa = PBXBuildFile; fileRef = A271C7E90CEB88460014AC5E /* asin.c */; };
		A271C86C0CEB88460014AC5E /* asinh.c in Sources */ = {isa = PBXBuildFile; fileRef = A271C7EA0CEB88460014AC5E /* asinh.c */; };
		A271C86D0CEB88460014AC5E /* atan.c in Sources */ = {isa = PBXBuildFile; fileRef = A271C7EB0CEB88460014AC5E /* atan.c */; };
		A271C86E0CEB88460014AC5E /* atan2.c in Sources */ = {isa = PBXBuildFile; fileRef = A271C7EC0CEB88460014AC5E /* atan2.c */; };
		A271C86F0CEB88460014AC5E /* atanh.c in Sources */ = {isa = PBXBuildFile; fileRef = A271C7ED0CEB88460014AC5E /* atanh.c */; };
		A271C8700CEB88460014AC5E /* copysign.c in Sources */ = {isa = PBXBuildFile; fileRef = A271C7EE0CEB88460014AC5E /* copysign.c */; };
		A271C8710CEB88460014AC5E /* cos.c in Sources */ = {isa = PBXBuildFile; fileRef = A271C7EF0CEB88460014AC5E /* cos.c */; };
		A271C8720CEB88460014AC5E /* cosh.c in Sources */ = {isa = PBXBuildFile; fileRef = A271C7F00CEB88460014AC5E /* cosh.c */; };
		A271C8730CEB88460014AC5E /* exp.c in Sources */ = {isa = PBXBuildFile; fileRef = A271C7F10CEB88460014AC5E /* exp.c */; };
		A271C8740CEB88460014AC5E /* expm1.c in Sources */ = {isa = PBXBuildFile; fileRef = A271C7F20CEB88460014AC5E /* expm1.c */; };
		A271C8CE0CEB88460014AC5E /* finite.c in Sources */ = {isa = PBXBuildFile; fileRef = A271C84E0CEB88460014AC5E /* finite.c */; };
		A271C8D10CEB88460014AC5E /* fmod.c in Sources */ = {isa = PBXBuildFile; fileRef = A271C8520CEB88460014AC5E /* fmod.c */; };
		A271C8D20CEB88460014AC5E /* hypot.c in Sources */ = {isa = PBXBuildFile; fileRef = A271C8530CEB88460014AC5E /* hypot.c */; };
		A271C8D40CEB88460014AC5E /* k_cos.c in Sources */ = {isa = PBXBuildFile; fileRef = A271C8560CEB88460014AC5E /* k_cos.c */; };
		A271C8D50CEB88460014AC5E /* k_rem_pio2.c in Sources */ = {isa = PBXBuildFile; fileRef = A271C8570CEB88460014AC5E /* k_rem_pio2.c */; };
		A271C8D60CEB88460014AC5E /* k_sin.c in Sources */ = {isa = PBXBuildFile; fileRef = A271C8580CEB88460014AC5E /* k_sin.c */; };
		A271C8D70CEB88460014AC5E /* k_tan.c in Sources */ = {isa = PBXBuildFile; fileRef = A271C8590CEB88460014AC5E /* k_tan.c */; };
		A271C8D80CEB88460014AC5E /* ldexp.c in Sources */ = {isa = PBXBuildFile; fileRef = A271C85A0CEB88460014AC5E /* ldexp.c */; };
		A271C8D90CEB88460014AC5E /* log.c in Sources */ = {isa = PBXBuildFile; fileRef = A271C85B0CEB88460014AC5E /* log.c */; };
		A271C8DA0CEB88460014AC5E /* log10.c in Sources */ = {isa = PBXBuildFile; fileRef = A271C85C0CEB88460014AC5E /* log10.c */; };
		A271C8DB0CEB88460014AC5E /* log1p.c in Sources */ = {isa = PBXBuildFile; fileRef = A271C85D0CEB88460014AC5E /* log1p.c */; };
		A271C8DC0CEB88460014AC5E /* modf.c in Sources */ = {isa = PBXBuildFile; fileRef = A271C85E0CEB88460014AC5E /* modf.c */; };
		A271C8DD0CEB88460014AC5E /* pow.c in Sources */ = {isa = PBXBuildFile; fileRef = A271C85F0CEB88460014AC5E /* pow.c */; };
		A271C8DE0CEB88460014AC5E /* rem_pio2.c in Sources */ = {isa = PBXBuildFile; fileRef = A271C8600CEB88460014AC5E /* rem_pio2.c */; };
		A271C8DF0CEB88460014AC5E /* rint.c in Sources */ = {isa = PBXBuildFile; fileRef = A271C8610CEB88460014AC5E /* rint.c */; };
		A271C8E00CEB88460014AC5E /* scalb.c in Sources */ = {isa = PBXBuildFile; fileRef = A271C8620CEB88460014AC5E /* scalb.c */; };
		A271C8E10CEB88460014AC5E /* scalbn.c in Sources */ = {isa = PBXBuildFile; fileRef = A271C8630CEB88460014AC5E /* scalbn.c */; };
		A271C8E20CEB88460014AC5E /* sin.c in Sources */ = {isa = PBXBuildFile; fileRef = A271C8640CEB88460014AC5E /* sin.c */; };
		A271C8E30CEB88460014AC5E /* sinh.c in Sources */ = {isa = PBXBuildFile; fileRef = A271C8650CEB88460014AC5E /* sinh.c */; };
		A271C8E40CEB88460014AC5E /* sqrt.c in Sources */ = {isa = PBXBuildFile; fileRef = A271C8660CEB88460014AC5E /* sqrt.c */; };
		A271C8E50CEB88460014AC5E /* tan.c in Sources */ = {isa = PBXBuildFile; fileRef = A271C8670CEB88460014AC5E /* tan.c */; };
		A271C8E60CEB88460014AC5E /* tanh.c in Sources */ = {isa = PBXBuildFile; fileRef = A271C8680CEB88460014AC5E /* tanh.c */; };
/* End PBXBuildFile section */

/* Begin PBXBuildRule section */
		A271C8F10CEB89280014AC5E /* PBXBuildRule */ = {
			isa = PBXBuildRule;
			compilerSpec = com.apple.compilers.gcc;
			fileType = sourcecode.c;
			isEditable = 1;
			outputFiles = (
			);
		};
/* End PBXBuildRule section */

/* Begin PBXFileReference section */
		08EA7FFBFE8413EDC02AAC07 /* Carbon.framework */ = {isa = PBXFileReference; lastKnownFileType = wrapper.framework; name = Carbon.framework; path = /System/Library/Frameworks/Carbon.framework; sourceTree = "<absolute>"; };
		8D01CCD10486CAD60068D4B7 /* Info.plist */ = {isa = PBXFileReference; fileEncoding = 4; lastKnownFileType = text.plist; path = Info.plist; sourceTree = "<group>"; };
		8D01CCD20486CAD60068D4B7 /* FloatMathPlugin.bundle */ = {isa = PBXFileReference; explicitFileType = wrapper.cfbundle; includeInIndex = 0; path = FloatMathPlugin.bundle; sourceTree = BUILT_PRODUCTS_DIR; };
		A271C7DD0CEB874D0014AC5E /* interp.h */ = {isa = PBXFileReference; fileEncoding = 4; lastKnownFileType = sourcecode.c.h; name = interp.h; path = ../../../spur64src/vm/interp.h; sourceTree = SOURCE_ROOT; };
		A271C7DE0CEB878E0014AC5E /* sqMemoryAccess.h */ = {isa = PBXFileReference; fileEncoding = 4; lastKnownFileType = sourcecode.c.h; name = sqMemoryAccess.h; path = ../../../platforms/Cross/vm/sqMemoryAccess.h; sourceTree = SOURCE_ROOT; };
		A271C7DF0CEB878E0014AC5E /* sqVirtualMachine.h */ = {isa = PBXFileReference; fileEncoding = 4; lastKnownFileType = sourcecode.c.h; name = sqVirtualMachine.h; path = ../../../platforms/Cross/vm/sqVirtualMachine.h; sourceTree = SOURCE_ROOT; };
		A271C7E00CEB87BE0014AC5E /* config.h */ = {isa = PBXFileReference; fileEncoding = 4; lastKnownFileType = sourcecode.c.h; name = config.h; path = "../../../platforms/Mac OS/vm/config.h"; sourceTree = SOURCE_ROOT; };
		A271C7E10CEB87BE0014AC5E /* sqConfig.h */ = {isa = PBXFileReference; fileEncoding = 4; lastKnownFileType = sourcecode.c.h; name = sqConfig.h; path = "../../../platforms/Mac OS/vm/sqConfig.h"; sourceTree = SOURCE_ROOT; };
		A271C7E20CEB87BE0014AC5E /* sqPlatformSpecific.h */ = {isa = PBXFileReference; fileEncoding = 4; lastKnownFileType = sourcecode.c.h; name = sqPlatformSpecific.h; path = "../../../platforms/Mac OS/vm/sqPlatformSpecific.h"; sourceTree = SOURCE_ROOT; };
		A271C7E40CEB87DD0014AC5E /* FloatMathPlugin.c */ = {isa = PBXFileReference; fileEncoding = 4; lastKnownFileType = sourcecode.c.c; path = FloatMathPlugin.c; sourceTree = "<group>"; };
		A271C7E70CEB88460014AC5E /* acos.c */ = {isa = PBXFileReference; fileEncoding = 4; lastKnownFileType = sourcecode.c.c; path = acos.c; sourceTree = "<group>"; };
		A271C7E80CEB88460014AC5E /* acosh.c */ = {isa = PBXFileReference; fileEncoding = 4; lastKnownFileType = sourcecode.c.c; path = acosh.c; sourceTree = "<group>"; };
		A271C7E90CEB88460014AC5E /* asin.c */ = {isa = PBXFileReference; fileEncoding = 4; lastKnownFileType = sourcecode.c.c; path = asin.c; sourceTree = "<group>"; };
		A271C7EA0CEB88460014AC5E /* asinh.c */ = {isa = PBXFileReference; fileEncoding = 4; lastKnownFileType = sourcecode.c.c; path = asinh.c; sourceTree = "<group>"; };
		A271C7EB0CEB88460014AC5E /* atan.c */ = {isa = PBXFileReference; fileEncoding = 4; lastKnownFileType = sourcecode.c.c; path = atan.c; sourceTree = "<group>"; };
		A271C7EC0CEB88460014AC5E /* atan2.c */ = {isa = PBXFileReference; fileEncoding = 4; lastKnownFileType = sourcecode.c.c; path = atan2.c; sourceTree = "<group>"; };
		A271C7ED0CEB88460014AC5E /* atanh.c */ = {isa = PBXFileReference; fileEncoding = 4; lastKnownFileType = sourcecode.c.c; path = atanh.c; sourceTree = "<group>"; };
		A271C7EE0CEB88460014AC5E /* copysign.c */ = {isa = PBXFileReference; fileEncoding = 4; lastKnownFileType = sourcecode.c.c; path = copysign.c; sourceTree = "<group>"; };
		A271C7EF0CEB88460014AC5E /* cos.c */ = {isa = PBXFileReference; fileEncoding = 4; lastKnownFileType = sourcecode.c.c; path = cos.c; sourceTree = "<group>"; };
		A271C7F00CEB88460014AC5E /* cosh.c */ = {isa = PBXFileReference; fileEncoding = 4; lastKnownFileType = sourcecode.c.c; path = cosh.c; sourceTree = "<group>"; };
		A271C7F10CEB88460014AC5E /* exp.c */ = {isa = PBXFileReference; fileEncoding = 4; lastKnownFileType = sourcecode.c.c; path = exp.c; sourceTree = "<group>"; };
		A271C7F20CEB88460014AC5E /* expm1.c */ = {isa = PBXFileReference; fileEncoding = 4; lastKnownFileType = sourcecode.c.c; path = expm1.c; sourceTree = "<group>"; };
		A271C7F40CEB88460014AC5E /* changes */ = {isa = PBXFileReference; fileEncoding = 4; lastKnownFileType = text; path = changes; sourceTree = "<group>"; };
		A271C7F50CEB88460014AC5E /* configure */ = {isa = PBXFileReference; fileEncoding = 4; lastKnownFileType = text.script.sh; path = configure; sourceTree = "<group>"; };
		A271C7F60CEB88460014AC5E /* configure.in */ = {isa = PBXFileReference; fileEncoding = 4; lastKnownFileType = text; path = configure.in; sourceTree = "<group>"; };
		A271C80F0CEB88460014AC5E /* fdlibm.h */ = {isa = PBXFileReference; fileEncoding = 4; lastKnownFileType = sourcecode.c.h; path = fdlibm.h; sourceTree = "<group>"; };
		A271C8100CEB88460014AC5E /* index */ = {isa = PBXFileReference; fileEncoding = 4; lastKnownFileType = text; path = index; sourceTree = "<group>"; };
		A271C8110CEB88460014AC5E /* index.html */ = {isa = PBXFileReference; fileEncoding = 4; lastKnownFileType = text.html; path = index.html; sourceTree = "<group>"; };
		A271C81A0CEB88460014AC5E /* readme */ = {isa = PBXFileReference; fileEncoding = 4; lastKnownFileType = text; path = readme; sourceTree = "<group>"; };
		A271C84E0CEB88460014AC5E /* finite.c */ = {isa = PBXFileReference; fileEncoding = 4; lastKnownFileType = sourcecode.c.c; path = finite.c; sourceTree = "<group>"; };
		A271C84F0CEB88460014AC5E /* FloatMathPlugin.h */ = {isa = PBXFileReference; fileEncoding = 4; lastKnownFileType = sourcecode.c.h; path = FloatMathPlugin.h; sourceTree = "<group>"; };
		A271C8520CEB88460014AC5E /* fmod.c */ = {isa = PBXFileReference; fileEncoding = 4; lastKnownFileType = sourcecode.c.c; path = fmod.c; sourceTree = "<group>"; };
		A271C8530CEB88460014AC5E /* hypot.c */ = {isa = PBXFileReference; fileEncoding = 4; lastKnownFileType = sourcecode.c.c; path = hypot.c; sourceTree = "<group>"; };
		A271C8540CEB88460014AC5E /* ieee754names.h */ = {isa = PBXFileReference; fileEncoding = 4; lastKnownFileType = sourcecode.c.h; path = ieee754names.h; sourceTree = "<group>"; };
		A271C8550CEB88460014AC5E /* isnan.c */ = {isa = PBXFileReference; fileEncoding = 4; lastKnownFileType = sourcecode.c.c; path = isnan.c; sourceTree = "<group>"; };
		A271C8560CEB88460014AC5E /* k_cos.c */ = {isa = PBXFileReference; fileEncoding = 4; lastKnownFileType = sourcecode.c.c; path = k_cos.c; sourceTree = "<group>"; };
		A271C8570CEB88460014AC5E /* k_rem_pio2.c */ = {isa = PBXFileReference; fileEncoding = 4; lastKnownFileType = sourcecode.c.c; path = k_rem_pio2.c; sourceTree = "<group>"; };
		A271C8580CEB88460014AC5E /* k_sin.c */ = {isa = PBXFileReference; fileEncoding = 4; lastKnownFileType = sourcecode.c.c; path = k_sin.c; sourceTree = "<group>"; };
		A271C8590CEB88460014AC5E /* k_tan.c */ = {isa = PBXFileReference; fileEncoding = 4; lastKnownFileType = sourcecode.c.c; path = k_tan.c; sourceTree = "<group>"; };
		A271C85A0CEB88460014AC5E /* ldexp.c */ = {isa = PBXFileReference; fileEncoding = 4; lastKnownFileType = sourcecode.c.c; path = ldexp.c; sourceTree = "<group>"; };
		A271C85B0CEB88460014AC5E /* log.c */ = {isa = PBXFileReference; fileEncoding = 4; lastKnownFileType = sourcecode.c.c; path = log.c; sourceTree = "<group>"; };
		A271C85C0CEB88460014AC5E /* log10.c */ = {isa = PBXFileReference; fileEncoding = 4; lastKnownFileType = sourcecode.c.c; path = log10.c; sourceTree = "<group>"; };
		A271C85D0CEB88460014AC5E /* log1p.c */ = {isa = PBXFileReference; fileEncoding = 4; lastKnownFileType = sourcecode.c.c; path = log1p.c; sourceTree = "<group>"; };
		A271C85E0CEB88460014AC5E /* modf.c */ = {isa = PBXFileReference; fileEncoding = 4; lastKnownFileType = sourcecode.c.c; path = modf.c; sourceTree = "<group>"; };
		A271C85F0CEB88460014AC5E /* pow.c */ = {isa = PBXFileReference; fileEncoding = 4; lastKnownFileType = sourcecode.c.c; path = pow.c; sourceTree = "<group>"; };
		A271C8600CEB88460014AC5E /* rem_pio2.c */ = {isa = PBXFileReference; fileEncoding = 4; lastKnownFileType = sourcecode.c.c; path = rem_pio2.c; sourceTree = "<group>"; };
		A271C8610CEB88460014AC5E /* rint.c */ = {isa = PBXFileReference; fileEncoding = 4; lastKnownFileType = sourcecode.c.c; path = rint.c; sourceTree = "<group>"; };
		A271C8620CEB88460014AC5E /* scalb.c */ = {isa = PBXFileReference; fileEncoding = 4; lastKnownFileType = sourcecode.c.c; path = scalb.c; sourceTree = "<group>"; };
		A271C8630CEB88460014AC5E /* scalbn.c */ = {isa = PBXFileReference; fileEncoding = 4; lastKnownFileType = sourcecode.c.c; path = scalbn.c; sourceTree = "<group>"; };
		A271C8640CEB88460014AC5E /* sin.c */ = {isa = PBXFileReference; fileEncoding = 4; lastKnownFileType = sourcecode.c.c; path = sin.c; sourceTree = "<group>"; };
		A271C8650CEB88460014AC5E /* sinh.c */ = {isa = PBXFileReference; fileEncoding = 4; lastKnownFileType = sourcecode.c.c; path = sinh.c; sourceTree = "<group>"; };
		A271C8660CEB88460014AC5E /* sqrt.c */ = {isa = PBXFileReference; fileEncoding = 4; lastKnownFileType = sourcecode.c.c; path = sqrt.c; sourceTree = "<group>"; };
		A271C8670CEB88460014AC5E /* tan.c */ = {isa = PBXFileReference; fileEncoding = 4; lastKnownFileType = sourcecode.c.c; path = tan.c; sourceTree = "<group>"; };
		A271C8680CEB88460014AC5E /* tanh.c */ = {isa = PBXFileReference; fileEncoding = 4; lastKnownFileType = sourcecode.c.c; path = tanh.c; sourceTree = "<group>"; };
/* End PBXFileReference section */

/* Begin PBXFrameworksBuildPhase section */
		8D01CCCD0486CAD60068D4B7 /* Frameworks */ = {
			isa = PBXFrameworksBuildPhase;
			buildActionMask = 2147483647;
			files = (
				8D01CCCE0486CAD60068D4B7 /* Carbon.framework in Frameworks */,
			);
			runOnlyForDeploymentPostprocessing = 0;
		};
/* End PBXFrameworksBuildPhase section */

/* Begin PBXGroup section */
		089C166AFE841209C02AAC07 /* FloatMathPlugin */ = {
			isa = PBXGroup;
			children = (
				08FB77ADFE841716C02AAC07 /* Source */,
				089C167CFE841241C02AAC07 /* Resources */,
				089C1671FE841209C02AAC07 /* External Frameworks and Libraries */,
				19C28FB4FE9D528D11CA2CBB /* Products */,
			);
			name = FloatMathPlugin;
			sourceTree = "<group>";
		};
		089C1671FE841209C02AAC07 /* External Frameworks and Libraries */ = {
			isa = PBXGroup;
			children = (
				08EA7FFBFE8413EDC02AAC07 /* Carbon.framework */,
			);
			name = "External Frameworks and Libraries";
			sourceTree = "<group>";
		};
		089C167CFE841241C02AAC07 /* Resources */ = {
			isa = PBXGroup;
			children = (
				8D01CCD10486CAD60068D4B7 /* Info.plist */,
			);
			name = Resources;
			sourceTree = "<group>";
		};
		08FB77ADFE841716C02AAC07 /* Source */ = {
			isa = PBXGroup;
			children = (
				A271C7E60CEB88460014AC5E /* FloatMathPlugin */,
				A271C7E30CEB87DD0014AC5E /* FloatMathPlugin */,
				A271C7E00CEB87BE0014AC5E /* config.h */,
				A271C7E10CEB87BE0014AC5E /* sqConfig.h */,
				A271C7E20CEB87BE0014AC5E /* sqPlatformSpecific.h */,
				A271C7DE0CEB878E0014AC5E /* sqMemoryAccess.h */,
				A271C7DF0CEB878E0014AC5E /* sqVirtualMachine.h */,
				A271C7DD0CEB874D0014AC5E /* interp.h */,
			);
			name = Source;
			sourceTree = "<group>";
		};
		19C28FB4FE9D528D11CA2CBB /* Products */ = {
			isa = PBXGroup;
			children = (
				8D01CCD20486CAD60068D4B7 /* FloatMathPlugin.bundle */,
			);
			name = Products;
			sourceTree = "<group>";
		};
		A271C7E30CEB87DD0014AC5E /* FloatMathPlugin */ = {
			isa = PBXGroup;
			children = (
				A271C7E40CEB87DD0014AC5E /* FloatMathPlugin.c */,
			);
			name = FloatMathPlugin;
			path = ../../../src/plugins/FloatMathPlugin;
			sourceTree = SOURCE_ROOT;
		};
		A271C7E60CEB88460014AC5E /* FloatMathPlugin */ = {
			isa = PBXGroup;
			children = (
				A271C7E70CEB88460014AC5E /* acos.c */,
				A271C7E80CEB88460014AC5E /* acosh.c */,
				A271C7E90CEB88460014AC5E /* asin.c */,
				A271C7EA0CEB88460014AC5E /* asinh.c */,
				A271C7EB0CEB88460014AC5E /* atan.c */,
				A271C7EC0CEB88460014AC5E /* atan2.c */,
				A271C7ED0CEB88460014AC5E /* atanh.c */,
				A271C7EE0CEB88460014AC5E /* copysign.c */,
				A271C7EF0CEB88460014AC5E /* cos.c */,
				A271C7F00CEB88460014AC5E /* cosh.c */,
				A271C7F10CEB88460014AC5E /* exp.c */,
				A271C7F20CEB88460014AC5E /* expm1.c */,
				A271C7F30CEB88460014AC5E /* fdlibm */,
				A271C84E0CEB88460014AC5E /* finite.c */,
				A271C84F0CEB88460014AC5E /* FloatMathPlugin.h */,
				A271C8520CEB88460014AC5E /* fmod.c */,
				A271C8530CEB88460014AC5E /* hypot.c */,
				A271C8540CEB88460014AC5E /* ieee754names.h */,
				A271C8550CEB88460014AC5E /* isnan.c */,
				A271C8560CEB88460014AC5E /* k_cos.c */,
				A271C8570CEB88460014AC5E /* k_rem_pio2.c */,
				A271C8580CEB88460014AC5E /* k_sin.c */,
				A271C8590CEB88460014AC5E /* k_tan.c */,
				A271C85A0CEB88460014AC5E /* ldexp.c */,
				A271C85B0CEB88460014AC5E /* log.c */,
				A271C85C0CEB88460014AC5E /* log10.c */,
				A271C85D0CEB88460014AC5E /* log1p.c */,
				A271C85E0CEB88460014AC5E /* modf.c */,
				A271C85F0CEB88460014AC5E /* pow.c */,
				A271C8600CEB88460014AC5E /* rem_pio2.c */,
				A271C8610CEB88460014AC5E /* rint.c */,
				A271C8620CEB88460014AC5E /* scalb.c */,
				A271C8630CEB88460014AC5E /* scalbn.c */,
				A271C8640CEB88460014AC5E /* sin.c */,
				A271C8650CEB88460014AC5E /* sinh.c */,
				A271C8660CEB88460014AC5E /* sqrt.c */,
				A271C8670CEB88460014AC5E /* tan.c */,
				A271C8680CEB88460014AC5E /* tanh.c */,
			);
			name = FloatMathPlugin;
			path = ../../../platforms/Cross/plugins/FloatMathPlugin;
			sourceTree = SOURCE_ROOT;
		};
		A271C7F30CEB88460014AC5E /* fdlibm */ = {
			isa = PBXGroup;
			children = (
				A271C7F40CEB88460014AC5E /* changes */,
				A271C7F50CEB88460014AC5E /* configure */,
				A271C7F60CEB88460014AC5E /* configure.in */,
				A271C80F0CEB88460014AC5E /* fdlibm.h */,
				A271C8100CEB88460014AC5E /* index */,
				A271C8110CEB88460014AC5E /* index.html */,
				A271C81A0CEB88460014AC5E /* readme */,
			);
			path = fdlibm;
			sourceTree = "<group>";
		};
/* End PBXGroup section */

/* Begin PBXNativeTarget section */
		8D01CCC60486CAD60068D4B7 /* FloatMathPlugin */ = {
			isa = PBXNativeTarget;
			buildConfigurationList = 4FADC23308B4156C00ABE55E /* Build configuration list for PBXNativeTarget "FloatMathPlugin" */;
			buildPhases = (
				8D01CCC90486CAD60068D4B7 /* Resources */,
				8D01CCCB0486CAD60068D4B7 /* Sources */,
				8D01CCCD0486CAD60068D4B7 /* Frameworks */,
			);
			buildRules = (
				A271C8F10CEB89280014AC5E /* PBXBuildRule */,
			);
			dependencies = (
			);
			name = FloatMathPlugin;
			productInstallPath = "$(HOME)/Library/Bundles";
			productName = FloatMathPlugin;
			productReference = 8D01CCD20486CAD60068D4B7 /* FloatMathPlugin.bundle */;
			productType = "com.apple.product-type.bundle";
		};
/* End PBXNativeTarget section */

/* Begin PBXProject section */
		089C1669FE841209C02AAC07 /* Project object */ = {
			isa = PBXProject;
			buildConfigurationList = 4FADC23708B4156C00ABE55E /* Build configuration list for PBXProject "FloatMathPlugin" */;
			compatibilityVersion = "Xcode 2.4";
			developmentRegion = English;
			hasScannedForEncodings = 1;
			knownRegions = (
				English,
				Japanese,
				French,
				German,
			);
			mainGroup = 089C166AFE841209C02AAC07 /* FloatMathPlugin */;
			projectDirPath = "";
			projectRoot = "";
			targets = (
				8D01CCC60486CAD60068D4B7 /* FloatMathPlugin */,
			);
		};
/* End PBXProject section */

/* Begin PBXResourcesBuildPhase section */
		8D01CCC90486CAD60068D4B7 /* Resources */ = {
			isa = PBXResourcesBuildPhase;
			buildActionMask = 2147483647;
			files = (
			);
			runOnlyForDeploymentPostprocessing = 0;
		};
/* End PBXResourcesBuildPhase section */

/* Begin PBXSourcesBuildPhase section */
		8D01CCCB0486CAD60068D4B7 /* Sources */ = {
			isa = PBXSourcesBuildPhase;
			buildActionMask = 2147483647;
			files = (
				A271C7E50CEB87DD0014AC5E /* FloatMathPlugin.c in Sources */,
				A271C8690CEB88460014AC5E /* acos.c in Sources */,
				A271C86A0CEB88460014AC5E /* acosh.c in Sources */,
				A271C86B0CEB88460014AC5E /* asin.c in Sources */,
				A271C86C0CEB88460014AC5E /* asinh.c in Sources */,
				A271C86D0CEB88460014AC5E /* atan.c in Sources */,
				A271C86E0CEB88460014AC5E /* atan2.c in Sources */,
				A271C86F0CEB88460014AC5E /* atanh.c in Sources */,
				A271C8700CEB88460014AC5E /* copysign.c in Sources */,
				A271C8710CEB88460014AC5E /* cos.c in Sources */,
				A271C8720CEB88460014AC5E /* cosh.c in Sources */,
				A271C8730CEB88460014AC5E /* exp.c in Sources */,
				A271C8740CEB88460014AC5E /* expm1.c in Sources */,
				A271C8CE0CEB88460014AC5E /* finite.c in Sources */,
				A271C8D10CEB88460014AC5E /* fmod.c in Sources */,
				A271C8D20CEB88460014AC5E /* hypot.c in Sources */,
				A271C8D40CEB88460014AC5E /* k_cos.c in Sources */,
				A271C8D50CEB88460014AC5E /* k_rem_pio2.c in Sources */,
				A271C8D60CEB88460014AC5E /* k_sin.c in Sources */,
				A271C8D70CEB88460014AC5E /* k_tan.c in Sources */,
				A271C8D80CEB88460014AC5E /* ldexp.c in Sources */,
				A271C8D90CEB88460014AC5E /* log.c in Sources */,
				A271C8DA0CEB88460014AC5E /* log10.c in Sources */,
				A271C8DB0CEB88460014AC5E /* log1p.c in Sources */,
				A271C8DC0CEB88460014AC5E /* modf.c in Sources */,
				A271C8DD0CEB88460014AC5E /* pow.c in Sources */,
				A271C8DE0CEB88460014AC5E /* rem_pio2.c in Sources */,
				A271C8DF0CEB88460014AC5E /* rint.c in Sources */,
				A271C8E00CEB88460014AC5E /* scalb.c in Sources */,
				A271C8E10CEB88460014AC5E /* scalbn.c in Sources */,
				A271C8E20CEB88460014AC5E /* sin.c in Sources */,
				A271C8E30CEB88460014AC5E /* sinh.c in Sources */,
				A271C8E40CEB88460014AC5E /* sqrt.c in Sources */,
				A271C8E50CEB88460014AC5E /* tan.c in Sources */,
				A271C8E60CEB88460014AC5E /* tanh.c in Sources */,
			);
			runOnlyForDeploymentPostprocessing = 0;
		};
/* End PBXSourcesBuildPhase section */

/* Begin XCBuildConfiguration section */
		4FADC23408B4156C00ABE55E /* Debug */ = {
			isa = XCBuildConfiguration;
			buildSettings = {
				COPY_PHASE_STRIP = NO;
				GCC_DYNAMIC_NO_PIC = NO;
				GCC_ENABLE_FIX_AND_CONTINUE = NO;
				GCC_MODEL_TUNING = G5;
				GCC_OPTIMIZATION_LEVEL = 0;
				GCC_PRECOMPILE_PREFIX_HEADER = YES;
				GCC_PREFIX_HEADER = FloatMathPlugin_Prefix.pch;
				INFOPLIST_FILE = Info.plist;
				INSTALL_PATH = "$(HOME)/Library/Bundles";
				PRODUCT_NAME = FloatMathPlugin;
				WRAPPER_EXTENSION = bundle;
				ZERO_LINK = YES;
			};
			name = Debug;
		};
		4FADC23508B4156C00ABE55E /* Release */ = {
			isa = XCBuildConfiguration;
			buildSettings = {
				ARCHS = "$(ARCHS_STANDARD_64_BIT)";
				DEBUG_INFORMATION_FORMAT = "dwarf-with-dsym";
				GCC_MODEL_TUNING = G4;
				GCC_OPTIMIZATION_LEVEL = 2;
				GCC_PRECOMPILE_PREFIX_HEADER = NO;
				GCC_PREFIX_HEADER = FloatMathPlugin_Prefix.pch;
				GCC_PREPROCESSOR_DEFINITIONS = (
					_XOPEN_SOURCE,
					HAVE_SYS_TIME_H,
					NO_ISNAN,
				);
				ICC_DEFINES = "$(GCC_PREPROCESSOR_DEFINITIONS)";
				ICC_FP_MODEL = source;
				ICC_IGNORE_STD_INCLUDEDIR = NO;
				ICC_LANG_ANSI = "compiler-default";
				ICC_OPTLEVEL = none;
				ICC_OPT_INLINE = default;
				ICC_OPT_IPO_FOR_SINGLE_FILE_COMPILATION = NO;
				ICC_OPT_LOOP_UNROLL = "-unroll";
				ICC_OPT_USE_ARCH_IA32 = archT;
				ICC_OTHER_CFLAGS = "$(inherited)";
				ICC_PREDEFINE_GCC = gcc;
				INFOPLIST_FILE = Info.plist;
				INSTALL_PATH = "$(HOME)/Library/Bundles";
				OTHER_CFLAGS = (
					"-mno-fused-madd",
					"$(OTHER_CFLAGS)",
				);
				PRODUCT_NAME = FloatMathPlugin;
				WRAPPER_EXTENSION = bundle;
			};
			name = Release;
		};
		4FADC23808B4156C00ABE55E /* Debug */ = {
			isa = XCBuildConfiguration;
			buildSettings = {
				ARCHS = "$(ARCHS_STANDARD_64_BIT)";
				GCC_MODEL_TUNING = "";
				GCC_WARN_ABOUT_RETURN_TYPE = YES;
				GCC_WARN_UNUSED_VARIABLE = YES;
				PREBINDING = NO;
				MACOSX_DEPLOYMENT_TARGET = 10.6;
			};
			name = Debug;
		};
		4FADC23908B4156C00ABE55E /* Release */ = {
			isa = XCBuildConfiguration;
			buildSettings = {
				ARCHS = "$(ARCHS_STANDARD_64_BIT)";
				GCC_DYNAMIC_NO_PIC = NO;
				GCC_ENABLE_SYMBOL_SEPARATION = NO;
				GCC_GENERATE_DEBUGGING_SYMBOLS = NO;
				GCC_MODEL_TUNING = "";
				GCC_OPTIMIZATION_LEVEL = s;
				GCC_PREPROCESSOR_DEFINITIONS = (
					HAVE_SYS_TIME_H,
					TARGET_API_MAC_CARBON,
					NO_ISNAN,
				);
				GCC_USE_GCC3_PFE_SUPPORT = NO;
				GCC_WARN_ABOUT_RETURN_TYPE = YES;
				GCC_WARN_UNUSED_VARIABLE = YES;
				HEADER_SEARCH_PATHS = /Developer/Headers/FlatCocoa;
				ICC_FP_MODEL = source;
				ICC_FP_SPECULATION = off;
				ICC_OPTLEVEL = speedHLO;
				ICC_OTHER_CFLAGS = "$(OTHER_CFLAGS)";
				ICC_OTHER_CPLUSPLUSFLAGS = "$(ICC_OTHER_CFLAGS) $(OTHER_CPLUSPLUSFLAGS)";
				OTHER_CFLAGS = "$(OTHER_CFLAGS)";
				PREBINDING = NO;
				MACOSX_DEPLOYMENT_TARGET = 10.6;
			};
			name = Release;
		};
/* End XCBuildConfiguration section */

/* Begin XCConfigurationList section */
		4FADC23308B4156C00ABE55E /* Build configuration list for PBXNativeTarget "FloatMathPlugin" */ = {
			isa = XCConfigurationList;
			buildConfigurations = (
				4FADC23408B4156C00ABE55E /* Debug */,
				4FADC23508B4156C00ABE55E /* Release */,
			);
			defaultConfigurationIsVisible = 0;
			defaultConfigurationName = Release;
		};
		4FADC23708B4156C00ABE55E /* Build configuration list for PBXProject "FloatMathPlugin" */ = {
			isa = XCConfigurationList;
			buildConfigurations = (
				4FADC23808B4156C00ABE55E /* Debug */,
				4FADC23908B4156C00ABE55E /* Release */,
			);
			defaultConfigurationIsVisible = 0;
			defaultConfigurationName = Release;
		};
/* End XCConfigurationList section */
	};
	rootObject = 089C1669FE841209C02AAC07 /* Project object */;
}
