// !$*UTF8*$!
{
	archiveVersion = 1;
	classes = {
	};
	objectVersion = 42;
	objects = {

/* Begin PBXBuildFile section */
		944D6215085F458100600D6E /* InfoPlist.strings in Resources */ = {isa = PBXBuildFile; fileRef = 944D6213085F458100600D6E /* InfoPlist.strings */; };
		94ABA8930858C40D00079BE1 /* sqMemoryAccess.h in Headers */ = {isa = PBXBuildFile; fileRef = 94ABA8920858C40D00079BE1 /* sqMemoryAccess.h */; };
		94AF34E20846F91100FA5ACB /* sqConfig.h in Headers */ = {isa = PBXBuildFile; fileRef = 66B8BC580381F61C00A8011A /* sqConfig.h */; };
		94AF34E30846F91100FA5ACB /* sqPlatformSpecific.h in Headers */ = {isa = PBXBuildFile; fileRef = 66B8BC5A0381F63A00A8011A /* sqPlatformSpecific.h */; };
		94AF34E40846F91100FA5ACB /* sq.h in Headers */ = {isa = PBXBuildFile; fileRef = 66B8BC5C0381F66500A8011A /* sq.h */; };
		94AF34E50846F91100FA5ACB /* sqVirtualMachine.h in Headers */ = {isa = PBXBuildFile; fileRef = 66B8BC5E0381F69100A8011A /* sqVirtualMachine.h */; };
		94AF34E80846F91100FA5ACB /* SqueakPlugin.icns in Resources */ = {isa = PBXBuildFile; fileRef = 66C6C8E501DB1EC300A80109 /* SqueakPlugin.icns */; };
		94AF34EF0846F91100FA5ACB /* Carbon.framework in Frameworks */ = {isa = PBXBuildFile; fileRef = 66DF6C8201D7DF7E00A80119 /* Carbon.framework */; };
		94AF35010846F98600FA5ACB /* config.h in Headers */ = {isa = PBXBuildFile; fileRef = 94AF35000846F98600FA5ACB /* config.h */; };
		94AF35050846F9AB00FA5ACB /* interp.h in Headers */ = {isa = PBXBuildFile; fileRef = 94AF35040846F9AB00FA5ACB /* interp.h */; };
		94ECA1F6097DC2F800C2C7BA /* QuicktimePlugin.c in Sources */ = {isa = PBXBuildFile; fileRef = 94ECA1F5097DC2F800C2C7BA /* QuicktimePlugin.c */; };
		94ECA269097DCD5100C2C7BA /* SurfacePlugin.h in Headers */ = {isa = PBXBuildFile; fileRef = 94ECA268097DCD5100C2C7BA /* SurfacePlugin.h */; };
		94ECA38F097DF8A400C2C7BA /* QuickTime.framework in Frameworks */ = {isa = PBXBuildFile; fileRef = 94ECA38E097DF8A400C2C7BA /* QuickTime.framework */; };
		94ECA52D097E197400C2C7BA /* QuicktimePlugin.h in Headers */ = {isa = PBXBuildFile; fileRef = 94ECA52C097E197400C2C7BA /* QuicktimePlugin.h */; };
		94ECA548097E1BF300C2C7BA /* sqMacQuicktimeInteface.c in Sources */ = {isa = PBXBuildFile; fileRef = 94ECA546097E1BF300C2C7BA /* sqMacQuicktimeInteface.c */; };
		94ECA549097E1BF300C2C7BA /* sqMacQuicktimeInteface.h in Headers */ = {isa = PBXBuildFile; fileRef = 94ECA547097E1BF300C2C7BA /* sqMacQuicktimeInteface.h */; };
/* End PBXBuildFile section */

/* Begin PBXBuildRule section */
		94AF34F70846F94F00FA5ACB /* PBXBuildRule */ = {
			isa = PBXBuildRule;
			compilerSpec = com.apple.compilers.gcc.3_3;
			fileType = sourcecode.c;
			isEditable = 1;
			outputFiles = (
			);
		};
/* End PBXBuildRule section */

/* Begin PBXBuildStyle section */
		66DF6C4301D7DCEA00A80119 /* Development */ = {
			isa = PBXBuildStyle;
			buildSettings = {
				COPY_PHASE_STRIP = NO;
				GCC_DYNAMIC_NO_PIC = NO;
				GCC_ENABLE_FIX_AND_CONTINUE = NO;
				GCC_GENERATE_DEBUGGING_SYMBOLS = YES;
				GCC_OPTIMIZATION_LEVEL = 0;
				OPTIMIZATION_CFLAGS = "-O0";
				ZERO_LINK = NO;
			};
			name = Development;
		};
		66DF6C4401D7DCEA00A80119 /* Deployment */ = {
			isa = PBXBuildStyle;
			buildSettings = {
				COPY_PHASE_STRIP = YES;
				GCC_ENABLE_FIX_AND_CONTINUE = NO;
				OPTIMIZATION_CFLAGS = "-O3 -mcpu=750 -funroll-loops ";
				OTHER_CFLAGS = (
					"-DTARGET_OS_MAC",
					"-DNOPTHREADS",
				);
				ZERO_LINK = NO;
			};
			name = Deployment;
		};
/* End PBXBuildStyle section */

/* Begin PBXFileReference section */
		66B8BC580381F61C00A8011A /* sqConfig.h */ = {isa = PBXFileReference; fileEncoding = 30; lastKnownFileType = sourcecode.c.h; name = sqConfig.h; path = "Mac OS/vm/sqConfig.h"; sourceTree = "<group>"; };
		66B8BC5A0381F63A00A8011A /* sqPlatformSpecific.h */ = {isa = PBXFileReference; fileEncoding = 30; lastKnownFileType = sourcecode.c.h; name = sqPlatformSpecific.h; path = "/Users/johnmci/Documents/Squeak3.8.0/platforms/Mac OS/vm/sqPlatformSpecific.h"; sourceTree = "<absolute>"; };
		66B8BC5C0381F66500A8011A /* sq.h */ = {isa = PBXFileReference; fileEncoding = 30; lastKnownFileType = sourcecode.c.h; name = sq.h; path = Cross/vm/sq.h; sourceTree = "<group>"; };
		66B8BC5E0381F69100A8011A /* sqVirtualMachine.h */ = {isa = PBXFileReference; fileEncoding = 30; lastKnownFileType = sourcecode.c.h; name = sqVirtualMachine.h; path = /Users/johnmci/Documents/Squeak3.8.0/platforms/Cross/vm/sqVirtualMachine.h; sourceTree = "<absolute>"; };
		66C6C8E501DB1EC300A80109 /* SqueakPlugin.icns */ = {isa = PBXFileReference; lastKnownFileType = image.icns; name = SqueakPlugin.icns; path = ../SqueakPlugin.icns; sourceTree = "<group>"; };
		66DF6C8201D7DF7E00A80119 /* Carbon.framework */ = {isa = PBXFileReference; lastKnownFileType = wrapper.framework; name = Carbon.framework; path = /System/Library/Frameworks/Carbon.framework; sourceTree = "<absolute>"; };
		943173AF085CD38900DDDC64 /* QuicktimePlugin.bundle */ = {isa = PBXFileReference; explicitFileType = wrapper.cfbundle; includeInIndex = 0; path = QuicktimePlugin.bundle; sourceTree = BUILT_PRODUCTS_DIR; };
		944D6214085F458100600D6E /* English */ = {isa = PBXFileReference; fileEncoding = 30; lastKnownFileType = text.plist.strings; name = English; path = InfoPlist.strings; sourceTree = "<group>"; };
		94ABA8920858C40D00079BE1 /* sqMemoryAccess.h */ = {isa = PBXFileReference; fileEncoding = 30; lastKnownFileType = sourcecode.c.h; name = sqMemoryAccess.h; path = Cross/vm/sqMemoryAccess.h; sourceTree = "<group>"; };
		94AF34F10846F91100FA5ACB /* Info.plist */ = {isa = PBXFileReference; lastKnownFileType = text.xml; path = Info.plist; sourceTree = "<group>"; };
		94AF35000846F98600FA5ACB /* config.h */ = {isa = PBXFileReference; fileEncoding = 30; lastKnownFileType = sourcecode.c.h; name = config.h; path = "Mac OS/vm/config.h"; sourceTree = "<group>"; };
		94AF35040846F9AB00FA5ACB /* interp.h */ = {isa = PBXFileReference; fileEncoding = 30; lastKnownFileType = sourcecode.c.h; name = interp.h; path = ../Squeak3.8.0/src/vm/interp.h; sourceTree = SOURCE_ROOT; };
		94ECA1F5097DC2F800C2C7BA /* QuicktimePlugin.c */ = {isa = PBXFileReference; fileEncoding = 30; lastKnownFileType = sourcecode.c.c; path = QuicktimePlugin.c; sourceTree = "<group>"; };
		94ECA268097DCD5100C2C7BA /* SurfacePlugin.h */ = {isa = PBXFileReference; fileEncoding = 30; lastKnownFileType = sourcecode.c.h; name = SurfacePlugin.h; path = platforms/Cross/plugins/SurfacePlugin/SurfacePlugin.h; sourceTree = SOURCE_ROOT; };
		94ECA38E097DF8A400C2C7BA /* QuickTime.framework */ = {isa = PBXFileReference; lastKnownFileType = wrapper.framework; name = QuickTime.framework; path = /System/Library/Frameworks/QuickTime.framework; sourceTree = "<absolute>"; };
		94ECA4E7097E15F800C2C7BA /* PkgInfo */ = {isa = PBXFileReference; fileEncoding = 30; lastKnownFileType = text; name = PkgInfo; path = build/PkgInfo; sourceTree = "<group>"; };
		94ECA52C097E197400C2C7BA /* QuicktimePlugin.h */ = {isa = PBXFileReference; fileEncoding = 4; lastKnownFileType = sourcecode.c.h; name = QuicktimePlugin.h; path = platforms/Cross/plugins/QuicktimePlugin/QuicktimePlugin.h; sourceTree = "<group>"; };
		94ECA546097E1BF300C2C7BA /* sqMacQuicktimeInteface.c */ = {isa = PBXFileReference; fileEncoding = 30; lastKnownFileType = sourcecode.c.c; name = sqMacQuicktimeInteface.c; path = "platforms/Mac OS/plugins/QuicktimePlugin/sqMacQuicktimeInteface.c"; sourceTree = "<group>"; };
		94ECA547097E1BF300C2C7BA /* sqMacQuicktimeInteface.h */ = {isa = PBXFileReference; fileEncoding = 30; lastKnownFileType = sourcecode.c.h; name = sqMacQuicktimeInteface.h; path = "platforms/Mac OS/plugins/QuicktimePlugin/sqMacQuicktimeInteface.h"; sourceTree = "<group>"; };
/* End PBXFileReference section */

/* Begin PBXFrameworksBuildPhase section */
		94AF34EE0846F91100FA5ACB /* Frameworks */ = {
			isa = PBXFrameworksBuildPhase;
			buildActionMask = 2147483647;
			files = (
				94AF34EF0846F91100FA5ACB /* Carbon.framework in Frameworks */,
				94ECA38F097DF8A400C2C7BA /* QuickTime.framework in Frameworks */,
			);
			runOnlyForDeploymentPostprocessing = 0;
		};
/* End PBXFrameworksBuildPhase section */

/* Begin PBXGroup section */
		66B8BC570381F53800A8011A /* platforms */ = {
			isa = PBXGroup;
			children = (
				94ECA268097DCD5100C2C7BA /* SurfacePlugin.h */,
				94AF35040846F9AB00FA5ACB /* interp.h */,
				94AF35000846F98600FA5ACB /* config.h */,
				66B8BC580381F61C00A8011A /* sqConfig.h */,
				66B8BC5A0381F63A00A8011A /* sqPlatformSpecific.h */,
				66B8BC5C0381F66500A8011A /* sq.h */,
				66B8BC5E0381F69100A8011A /* sqVirtualMachine.h */,
				94ABA8920858C40D00079BE1 /* sqMemoryAccess.h */,
			);
			name = platforms;
			path = ../Squeak3.8.0/platforms;
			sourceTree = SOURCE_ROOT;
		};
		66DF6BFE01D7DCEA00A80119 = {
			isa = PBXGroup;
			children = (
				94ECA4E7097E15F800C2C7BA /* PkgInfo */,
				94AF34F10846F91100FA5ACB /* Info.plist */,
				66B8BC570381F53800A8011A /* platforms */,
				66DF6BFF01D7DCEA00A80119 /* Sources */,
				66DF6C3901D7DCEA00A80119 /* resources */,
				66DF6C8201D7DF7E00A80119 /* Carbon.framework */,
				94ECA38E097DF8A400C2C7BA /* QuickTime.framework */,
				66DF6C4501D7DEEE00A80119 /* Products */,
			);
			sourceTree = "<group>";
		};
		66DF6BFF01D7DCEA00A80119 /* Sources */ = {
			isa = PBXGroup;
			children = (
				94ECA546097E1BF300C2C7BA /* sqMacQuicktimeInteface.c */,
				94ECA547097E1BF300C2C7BA /* sqMacQuicktimeInteface.h */,
				94ECA52C097E197400C2C7BA /* QuicktimePlugin.h */,
				94ECA1F5097DC2F800C2C7BA /* QuicktimePlugin.c */,
			);
			name = Sources;
			sourceTree = "<group>";
		};
		66DF6C3901D7DCEA00A80119 /* resources */ = {
			isa = PBXGroup;
			children = (
				944D6212085F458100600D6E /* English.lproj */,
				66C6C8E501DB1EC300A80109 /* SqueakPlugin.icns */,
			);
			name = resources;
			path = "platforms/Mac OS/plugins/QuicktimePlugin/resources";
			sourceTree = "<group>";
		};
		66DF6C4501D7DEEE00A80119 /* Products */ = {
			isa = PBXGroup;
			children = (
				943173AF085CD38900DDDC64 /* QuicktimePlugin.bundle */,
			);
			name = Products;
			sourceTree = "<group>";
		};
		944D6212085F458100600D6E /* English.lproj */ = {
			isa = PBXGroup;
			children = (
				944D6213085F458100600D6E /* InfoPlist.strings */,
			);
			path = English.lproj;
			sourceTree = "<group>";
		};
/* End PBXGroup section */

/* Begin PBXHeadersBuildPhase section */
		94AF34E10846F91100FA5ACB /* Headers */ = {
			isa = PBXHeadersBuildPhase;
			buildActionMask = 2147483647;
			files = (
				94AF34E20846F91100FA5ACB /* sqConfig.h in Headers */,
				94AF34E30846F91100FA5ACB /* sqPlatformSpecific.h in Headers */,
				94AF34E40846F91100FA5ACB /* sq.h in Headers */,
				94AF34E50846F91100FA5ACB /* sqVirtualMachine.h in Headers */,
				94AF35010846F98600FA5ACB /* config.h in Headers */,
				94AF35050846F9AB00FA5ACB /* interp.h in Headers */,
				94ABA8930858C40D00079BE1 /* sqMemoryAccess.h in Headers */,
				94ECA269097DCD5100C2C7BA /* SurfacePlugin.h in Headers */,
				94ECA52D097E197400C2C7BA /* QuicktimePlugin.h in Headers */,
				94ECA549097E1BF300C2C7BA /* sqMacQuicktimeInteface.h in Headers */,
			);
			runOnlyForDeploymentPostprocessing = 0;
		};
/* End PBXHeadersBuildPhase section */

/* Begin PBXNativeTarget section */
		94AF34E00846F91100FA5ACB /* QuicktimePlugin */ = {
			isa = PBXNativeTarget;
			buildConfigurationList = 94ECA1E7097DC27D00C2C7BA /* Build configuration list for PBXNativeTarget "QuicktimePlugin" */;
			buildPhases = (
				94AF34E10846F91100FA5ACB /* Headers */,
				94AF34E70846F91100FA5ACB /* Resources */,
				94AF34EA0846F91100FA5ACB /* Sources */,
				94AF34EE0846F91100FA5ACB /* Frameworks */,
				94AF34F00846F91100FA5ACB /* Rez */,
			);
			buildRules = (
				94AF34F70846F94F00FA5ACB /* PBXBuildRule */,
			);
			buildSettings = {
				GCC_GENERATE_DEBUGGING_SYMBOLS = NO;
				GCC_OPTIMIZATION_LEVEL = 3;
				HEADER_SEARCH_PATHS = /Developer/Headers/FlatCarbon;
				INFOPLIST_FILE = Info.plist;
				OTHER_LDFLAGS = "";
				OTHER_REZFLAGS = "";
				PRODUCT_NAME = ServicesPlugin;
				SECTORDER_FLAGS = "";
				WARNING_CFLAGS = (
					"-Wmost",
					"-Wno-four-char-constants",
					"-Wno-unknown-pragmas",
				);
				WRAPPER_EXTENSION = bundle;
			};
			dependencies = (
			);
			name = QuicktimePlugin;
			productInstallPath = "$(USER_LIBRARY_DIR)/Bundles";
			productName = "mpeg3PluginBundle Debug";
			productReference = 943173AF085CD38900DDDC64 /* QuicktimePlugin.bundle */;
			productType = "com.apple.product-type.bundle";
		};
/* End PBXNativeTarget section */

/* Begin PBXProject section */
		66DF6BFD01D7DCEA00A80119 /* Project object */ = {
			isa = PBXProject;
			buildConfigurationList = 94ECA1EB097DC27D00C2C7BA /* Build configuration list for PBXProject "SqueakQuicktime" */;
			buildSettings = {
				MACOSX_DEPLOYMENT_TARGET = 10.3;
				SDKROOT = /Developer/SDKs/MacOSX10.3.9.sdk;
			};
			buildStyles = (
				66DF6C4301D7DCEA00A80119 /* Development */,
				66DF6C4401D7DCEA00A80119 /* Deployment */,
			);
			hasScannedForEncodings = 1;
			mainGroup = 66DF6BFE01D7DCEA00A80119;
			productRefGroup = 66DF6C4501D7DEEE00A80119 /* Products */;
			projectDirPath = "";
			targets = (
				94AF34E00846F91100FA5ACB /* QuicktimePlugin */,
			);
		};
/* End PBXProject section */

/* Begin PBXResourcesBuildPhase section */
		94AF34E70846F91100FA5ACB /* Resources */ = {
			isa = PBXResourcesBuildPhase;
			buildActionMask = 2147483647;
			files = (
				94AF34E80846F91100FA5ACB /* SqueakPlugin.icns in Resources */,
				944D6215085F458100600D6E /* InfoPlist.strings in Resources */,
			);
			runOnlyForDeploymentPostprocessing = 0;
		};
/* End PBXResourcesBuildPhase section */

/* Begin PBXRezBuildPhase section */
		94AF34F00846F91100FA5ACB /* Rez */ = {
			isa = PBXRezBuildPhase;
			buildActionMask = 2147483647;
			files = (
			);
			runOnlyForDeploymentPostprocessing = 0;
		};
/* End PBXRezBuildPhase section */

/* Begin PBXSourcesBuildPhase section */
		94AF34EA0846F91100FA5ACB /* Sources */ = {
			isa = PBXSourcesBuildPhase;
			buildActionMask = 2147483647;
			files = (
				94ECA1F6097DC2F800C2C7BA /* QuicktimePlugin.c in Sources */,
				94ECA548097E1BF300C2C7BA /* sqMacQuicktimeInteface.c in Sources */,
			);
			runOnlyForDeploymentPostprocessing = 0;
		};
/* End PBXSourcesBuildPhase section */

/* Begin PBXVariantGroup section */
		944D6213085F458100600D6E /* InfoPlist.strings */ = {
			isa = PBXVariantGroup;
			children = (
				944D6214085F458100600D6E /* English */,
			);
			name = InfoPlist.strings;
			sourceTree = "<group>";
		};
/* End PBXVariantGroup section */

/* Begin XCBuildConfiguration section */
		94ECA1E8097DC27D00C2C7BA /* Development */ = {
			isa = XCBuildConfiguration;
			buildSettings = {
				COPY_PHASE_STRIP = NO;
				GCC_DYNAMIC_NO_PIC = NO;
				GCC_ENABLE_FIX_AND_CONTINUE = NO;
				GCC_GENERATE_DEBUGGING_SYMBOLS = YES;
				GCC_OPTIMIZATION_LEVEL = 0;
				HEADER_SEARCH_PATHS = /Developer/Headers/FlatCarbon;
				INFOPLIST_FILE = Info.plist;
				OPTIMIZATION_CFLAGS = "-O0";
				OTHER_LDFLAGS = "";
				OTHER_REZFLAGS = "";
				PRODUCT_NAME = QuicktimePlugin;
				SECTORDER_FLAGS = "";
				WARNING_CFLAGS = (
					"-Wmost",
					"-Wno-four-char-constants",
					"-Wno-unknown-pragmas",
				);
				WRAPPER_EXTENSION = bundle;
				ZERO_LINK = NO;
			};
			name = Development;
		};
		94ECA1E9097DC27D00C2C7BA /* Deployment */ = {
			isa = XCBuildConfiguration;
			buildSettings = {
				COPY_PHASE_STRIP = YES;
				GCC_ENABLE_FIX_AND_CONTINUE = NO;
				GCC_GENERATE_DEBUGGING_SYMBOLS = NO;
				GCC_OPTIMIZATION_LEVEL = 3;
				HEADER_SEARCH_PATHS = /Developer/Headers/FlatCarbon;
				INFOPLIST_FILE = Info.plist;
				OPTIMIZATION_CFLAGS = "-O3 -mcpu=750 -funroll-loops ";
				OTHER_CFLAGS = (
					"-DTARGET_OS_MAC",
					"-DNOPTHREADS",
				);
				OTHER_LDFLAGS = "";
				OTHER_REZFLAGS = "";
				PRODUCT_NAME = QuicktimePlugin;
				SECTORDER_FLAGS = "";
				WARNING_CFLAGS = (
					"-Wmost",
					"-Wno-four-char-constants",
					"-Wno-unknown-pragmas",
				);
				WRAPPER_EXTENSION = bundle;
				ZERO_LINK = NO;
			};
			name = Deployment;
		};
		94ECA1EA097DC27D00C2C7BA /* Default */ = {
			isa = XCBuildConfiguration;
			buildSettings = {
				GCC_GENERATE_DEBUGGING_SYMBOLS = NO;
				GCC_OPTIMIZATION_LEVEL = 3;
				HEADER_SEARCH_PATHS = /Developer/Headers/FlatCarbon;
				INFOPLIST_FILE = Info.plist;
				OTHER_LDFLAGS = "";
				OTHER_REZFLAGS = "";
				PRODUCT_NAME = QuicktimePlugin;
				SECTORDER_FLAGS = "";
				WARNING_CFLAGS = (
					"-Wmost",
					"-Wno-four-char-constants",
					"-Wno-unknown-pragmas",
				);
				WRAPPER_EXTENSION = bundle;
			};
			name = Default;
		};
		94ECA1EC097DC27D00C2C7BA /* Development */ = {
			isa = XCBuildConfiguration;
			buildSettings = {
				MACOSX_DEPLOYMENT_TARGET = 10.3;
				SDKROOT = /Developer/SDKs/MacOSX10.3.9.sdk;
			};
			name = Development;
		};
		94ECA1ED097DC27D00C2C7BA /* Deployment */ = {
			isa = XCBuildConfiguration;
			buildSettings = {
				MACOSX_DEPLOYMENT_TARGET = 10.3;
				SDKROOT = /Developer/SDKs/MacOSX10.3.9.sdk;
			};
			name = Deployment;
		};
		94ECA1EE097DC27D00C2C7BA /* Default */ = {
			isa = XCBuildConfiguration;
			buildSettings = {
				MACOSX_DEPLOYMENT_TARGET = 10.3;
				SDKROOT = /Developer/SDKs/MacOSX10.3.9.sdk;
			};
			name = Default;
		};
/* End XCBuildConfiguration section */

/* Begin XCConfigurationList section */
		94ECA1E7097DC27D00C2C7BA /* Build configuration list for PBXNativeTarget "QuicktimePlugin" */ = {
			isa = XCConfigurationList;
			buildConfigurations = (
				94ECA1E8097DC27D00C2C7BA /* Development */,
				94ECA1E9097DC27D00C2C7BA /* Deployment */,
				94ECA1EA097DC27D00C2C7BA /* Default */,
			);
			defaultConfigurationIsVisible = 0;
			defaultConfigurationName = Default;
		};
		94ECA1EB097DC27D00C2C7BA /* Build configuration list for PBXProject "SqueakQuicktime" */ = {
			isa = XCConfigurationList;
			buildConfigurations = (
				94ECA1EC097DC27D00C2C7BA /* Development */,
				94ECA1ED097DC27D00C2C7BA /* Deployment */,
				94ECA1EE097DC27D00C2C7BA /* Default */,
			);
			defaultConfigurationIsVisible = 0;
			defaultConfigurationName = Default;
		};
/* End XCConfigurationList section */
	};
	rootObject = 66DF6BFD01D7DCEA00A80119 /* Project object */;
}
